// !$*UTF8*$!
{
	archiveVersion = 1;
	classes = {
	};
	objectVersion = 46;
	objects = {

/* Begin PBXBuildFile section */
		847DE85F1F31D24C000D9F68 /* AppDelegate.swift in Sources */ = {isa = PBXBuildFile; fileRef = 847DE85E1F31D24C000D9F68 /* AppDelegate.swift */; };
		847DE8611F31D24C000D9F68 /* ViewController.swift in Sources */ = {isa = PBXBuildFile; fileRef = 847DE8601F31D24C000D9F68 /* ViewController.swift */; };
		847DE8641F31D24C000D9F68 /* Main.storyboard in Resources */ = {isa = PBXBuildFile; fileRef = 847DE8621F31D24C000D9F68 /* Main.storyboard */; };
		847DE8661F31D24C000D9F68 /* Assets.xcassets in Resources */ = {isa = PBXBuildFile; fileRef = 847DE8651F31D24C000D9F68 /* Assets.xcassets */; };
		847DE8691F31D24C000D9F68 /* LaunchScreen.storyboard in Resources */ = {isa = PBXBuildFile; fileRef = 847DE8671F31D24C000D9F68 /* LaunchScreen.storyboard */; };
		847DE8711F31D7DA000D9F68 /* Book.swift in Sources */ = {isa = PBXBuildFile; fileRef = 847DE8701F31D7DA000D9F68 /* Book.swift */; };
		847DE8751F31D86D000D9F68 /* UpdateViewController.swift in Sources */ = {isa = PBXBuildFile; fileRef = 847DE8741F31D86D000D9F68 /* UpdateViewController.swift */; };
/* End PBXBuildFile section */

/* Begin PBXFileReference section */
		847DE85B1F31D24C000D9F68 /* DemoNavigationController.app */ = {isa = PBXFileReference; explicitFileType = wrapper.application; includeInIndex = 0; path = DemoNavigationController.app; sourceTree = BUILT_PRODUCTS_DIR; };
		847DE85E1F31D24C000D9F68 /* AppDelegate.swift */ = {isa = PBXFileReference; lastKnownFileType = sourcecode.swift; path = AppDelegate.swift; sourceTree = "<group>"; };
		847DE8601F31D24C000D9F68 /* ViewController.swift */ = {isa = PBXFileReference; lastKnownFileType = sourcecode.swift; path = ViewController.swift; sourceTree = "<group>"; };
		847DE8631F31D24C000D9F68 /* Base */ = {isa = PBXFileReference; lastKnownFileType = file.storyboard; name = Base; path = Base.lproj/Main.storyboard; sourceTree = "<group>"; };
		847DE8651F31D24C000D9F68 /* Assets.xcassets */ = {isa = PBXFileReference; lastKnownFileType = folder.assetcatalog; path = Assets.xcassets; sourceTree = "<group>"; };
		847DE8681F31D24C000D9F68 /* Base */ = {isa = PBXFileReference; lastKnownFileType = file.storyboard; name = Base; path = Base.lproj/LaunchScreen.storyboard; sourceTree = "<group>"; };
		847DE86A1F31D24C000D9F68 /* Info.plist */ = {isa = PBXFileReference; lastKnownFileType = text.plist.xml; path = Info.plist; sourceTree = "<group>"; };
		847DE8701F31D7DA000D9F68 /* Book.swift */ = {isa = PBXFileReference; fileEncoding = 4; lastKnownFileType = sourcecode.swift; path = Book.swift; sourceTree = "<group>"; };
		847DE8741F31D86D000D9F68 /* UpdateViewController.swift */ = {isa = PBXFileReference; fileEncoding = 4; lastKnownFileType = sourcecode.swift; path = UpdateViewController.swift; sourceTree = "<group>"; };
/* End PBXFileReference section */

/* Begin PBXFrameworksBuildPhase section */
		847DE8581F31D24C000D9F68 /* Frameworks */ = {
			isa = PBXFrameworksBuildPhase;
			buildActionMask = 2147483647;
			files = (
			);
			runOnlyForDeploymentPostprocessing = 0;
		};
/* End PBXFrameworksBuildPhase section */

/* Begin PBXGroup section */
		847DE8521F31D24C000D9F68 = {
			isa = PBXGroup;
			children = (
				847DE85D1F31D24C000D9F68 /* DemoNavigationController */,
				847DE85C1F31D24C000D9F68 /* Products */,
			);
			sourceTree = "<group>";
		};
		847DE85C1F31D24C000D9F68 /* Products */ = {
			isa = PBXGroup;
			children = (
				847DE85B1F31D24C000D9F68 /* DemoNavigationController.app */,
			);
			name = Products;
			sourceTree = "<group>";
		};
		847DE85D1F31D24C000D9F68 /* DemoNavigationController */ = {
			isa = PBXGroup;
			children = (
				847DE85E1F31D24C000D9F68 /* AppDelegate.swift */,
				847DE8601F31D24C000D9F68 /* ViewController.swift */,
				847DE8621F31D24C000D9F68 /* Main.storyboard */,
				847DE8651F31D24C000D9F68 /* Assets.xcassets */,
				847DE8671F31D24C000D9F68 /* LaunchScreen.storyboard */,
				847DE86A1F31D24C000D9F68 /* Info.plist */,
				847DE8701F31D7DA000D9F68 /* Book.swift */,
				847DE8741F31D86D000D9F68 /* UpdateViewController.swift */,
			);
			path = DemoNavigationController;
			sourceTree = "<group>";
		};
/* End PBXGroup section */

/* Begin PBXNativeTarget section */
		847DE85A1F31D24C000D9F68 /* DemoNavigationController */ = {
			isa = PBXNativeTarget;
			buildConfigurationList = 847DE86D1F31D24C000D9F68 /* Build configuration list for PBXNativeTarget "DemoNavigationController" */;
			buildPhases = (
				847DE8571F31D24C000D9F68 /* Sources */,
				847DE8581F31D24C000D9F68 /* Frameworks */,
				847DE8591F31D24C000D9F68 /* Resources */,
			);
			buildRules = (
			);
			dependencies = (
			);
			name = DemoNavigationController;
			productName = DemoNavigationController;
			productReference = 847DE85B1F31D24C000D9F68 /* DemoNavigationController.app */;
			productType = "com.apple.product-type.application";
		};
/* End PBXNativeTarget section */

/* Begin PBXProject section */
		847DE8531F31D24C000D9F68 /* Project object */ = {
			isa = PBXProject;
			attributes = {
				LastSwiftUpdateCheck = 0830;
				LastUpgradeCheck = 0830;
				ORGANIZATIONNAME = "Nguyen Nam";
				TargetAttributes = {
					847DE85A1F31D24C000D9F68 = {
						CreatedOnToolsVersion = 8.3;
						ProvisioningStyle = Automatic;
					};
				};
			};
			buildConfigurationList = 847DE8561F31D24C000D9F68 /* Build configuration list for PBXProject "DemoNavigationController" */;
			compatibilityVersion = "Xcode 3.2";
			developmentRegion = English;
			hasScannedForEncodings = 0;
			knownRegions = (
				en,
				Base,
			);
			mainGroup = 847DE8521F31D24C000D9F68;
			productRefGroup = 847DE85C1F31D24C000D9F68 /* Products */;
			projectDirPath = "";
			projectRoot = "";
			targets = (
				847DE85A1F31D24C000D9F68 /* DemoNavigationController */,
			);
		};
/* End PBXProject section */

/* Begin PBXResourcesBuildPhase section */
		847DE8591F31D24C000D9F68 /* Resources */ = {
			isa = PBXResourcesBuildPhase;
			buildActionMask = 2147483647;
			files = (
				847DE8691F31D24C000D9F68 /* LaunchScreen.storyboard in Resources */,
				847DE8661F31D24C000D9F68 /* Assets.xcassets in Resources */,
				847DE8641F31D24C000D9F68 /* Main.storyboard in Resources */,
			);
			runOnlyForDeploymentPostprocessing = 0;
		};
/* End PBXResourcesBuildPhase section */

/* Begin PBXSourcesBuildPhase section */
		847DE8571F31D24C000D9F68 /* Sources */ = {
			isa = PBXSourcesBuildPhase;
			buildActionMask = 2147483647;
			files = (
				847DE8611F31D24C000D9F68 /* ViewController.swift in Sources */,
				847DE85F1F31D24C000D9F68 /* AppDelegate.swift in Sources */,
				847DE8711F31D7DA000D9F68 /* Book.swift in Sources */,
				847DE8751F31D86D000D9F68 /* UpdateViewController.swift in Sources */,
			);
			runOnlyForDeploymentPostprocessing = 0;
		};
/* End PBXSourcesBuildPhase section */

/* Begin PBXVariantGroup section */
		847DE8621F31D24C000D9F68 /* Main.storyboard */ = {
			isa = PBXVariantGroup;
			children = (
				847DE8631F31D24C000D9F68 /* Base */,
			);
			name = Main.storyboard;
			sourceTree = "<group>";
		};
		847DE8671F31D24C000D9F68 /* LaunchScreen.storyboard */ = {
			isa = PBXVariantGroup;
			children = (
				847DE8681F31D24C000D9F68 /* Base */,
			);
			name = LaunchScreen.storyboard;
			sourceTree = "<group>";
		};
/* End PBXVariantGroup section */

/* Begin XCBuildConfiguration section */
		847DE86B1F31D24C000D9F68 /* Debug */ = {
			isa = XCBuildConfiguration;
			buildSettings = {
				ALWAYS_SEARCH_USER_PATHS = NO;
				CLANG_ANALYZER_NONNULL = YES;
				CLANG_ANALYZER_NUMBER_OBJECT_CONVERSION = YES_AGGRESSIVE;
				CLANG_CXX_LANGUAGE_STANDARD = "gnu++0x";
				CLANG_CXX_LIBRARY = "libc++";
				CLANG_ENABLE_MODULES = YES;
				CLANG_ENABLE_OBJC_ARC = YES;
				CLANG_WARN_BOOL_CONVERSION = YES;
				CLANG_WARN_CONSTANT_CONVERSION = YES;
				CLANG_WARN_DIRECT_OBJC_ISA_USAGE = YES_ERROR;
				CLANG_WARN_DOCUMENTATION_COMMENTS = YES;
				CLANG_WARN_EMPTY_BODY = YES;
				CLANG_WARN_ENUM_CONVERSION = YES;
				CLANG_WARN_INFINITE_RECURSION = YES;
				CLANG_WARN_INT_CONVERSION = YES;
				CLANG_WARN_OBJC_ROOT_CLASS = YES_ERROR;
				CLANG_WARN_SUSPICIOUS_MOVE = YES;
				CLANG_WARN_UNREACHABLE_CODE = YES;
				CLANG_WARN__DUPLICATE_METHOD_MATCH = YES;
				"CODE_SIGN_IDENTITY[sdk=iphoneos*]" = "iPhone Developer";
				COPY_PHASE_STRIP = NO;
				DEBUG_INFORMATION_FORMAT = dwarf;
				ENABLE_STRICT_OBJC_MSGSEND = YES;
				ENABLE_TESTABILITY = YES;
				GCC_C_LANGUAGE_STANDARD = gnu99;
				GCC_DYNAMIC_NO_PIC = NO;
				GCC_NO_COMMON_BLOCKS = YES;
				GCC_OPTIMIZATION_LEVEL = 0;
				GCC_PREPROCESSOR_DEFINITIONS = (
					"DEBUG=1",
					"$(inherited)",
				);
				GCC_WARN_64_TO_32_BIT_CONVERSION = YES;
				GCC_WARN_ABOUT_RETURN_TYPE = YES_ERROR;
				GCC_WARN_UNDECLARED_SELECTOR = YES;
				GCC_WARN_UNINITIALIZED_AUTOS = YES_AGGRESSIVE;
				GCC_WARN_UNUSED_FUNCTION = YES;
				GCC_WARN_UNUSED_VARIABLE = YES;
				IPHONEOS_DEPLOYMENT_TARGET = 10.3;
				MTL_ENABLE_DEBUG_INFO = YES;
				ONLY_ACTIVE_ARCH = YES;
				SDKROOT = iphoneos;
				SWIFT_ACTIVE_COMPILATION_CONDITIONS = DEBUG;
				SWIFT_OPTIMIZATION_LEVEL = "-Onone";
				TARGETED_DEVICE_FAMILY = "1,2";
			};
			name = Debug;
		};
		847DE86C1F31D24C000D9F68 /* Release */ = {
			isa = XCBuildConfiguration;
			buildSettings = {
				ALWAYS_SEARCH_USER_PATHS = NO;
				CLANG_ANALYZER_NONNULL = YES;
				CLANG_ANALYZER_NUMBER_OBJECT_CONVERSION = YES_AGGRESSIVE;
				CLANG_CXX_LANGUAGE_STANDARD = "gnu++0x";
				CLANG_CXX_LIBRARY = "libc++";
				CLANG_ENABLE_MODULES = YES;
				CLANG_ENABLE_OBJC_ARC = YES;
				CLANG_WARN_BOOL_CONVERSION = YES;
				CLANG_WARN_CONSTANT_CONVERSION = YES;
				CLANG_WARN_DIRECT_OBJC_ISA_USAGE = YES_ERROR;
				CLANG_WARN_DOCUMENTATION_COMMENTS = YES;
				CLANG_WARN_EMPTY_BODY = YES;
				CLANG_WARN_ENUM_CONVERSION = YES;
				CLANG_WARN_INFINITE_RECURSION = YES;
				CLANG_WARN_INT_CONVERSION = YES;
				CLANG_WARN_OBJC_ROOT_CLASS = YES_ERROR;
				CLANG_WARN_SUSPICIOUS_MOVE = YES;
				CLANG_WARN_UNREACHABLE_CODE = YES;
				CLANG_WARN__DUPLICATE_METHOD_MATCH = YES;
				"CODE_SIGN_IDENTITY[sdk=iphoneos*]" = "iPhone Developer";
				COPY_PHASE_STRIP = NO;
				DEBUG_INFORMATION_FORMAT = "dwarf-with-dsym";
				ENABLE_NS_ASSERTIONS = NO;
				ENABLE_STRICT_OBJC_MSGSEND = YES;
				GCC_C_LANGUAGE_STANDARD = gnu99;
				GCC_NO_COMMON_BLOCKS = YES;
				GCC_WARN_64_TO_32_BIT_CONVERSION = YES;
				GCC_WARN_ABOUT_RETURN_TYPE = YES_ERROR;
				GCC_WARN_UNDECLARED_SELECTOR = YES;
				GCC_WARN_UNINITIALIZED_AUTOS = YES_AGGRESSIVE;
				GCC_WARN_UNUSED_FUNCTION = YES;
				GCC_WARN_UNUSED_VARIABLE = YES;
				IPHONEOS_DEPLOYMENT_TARGET = 10.3;
				MTL_ENABLE_DEBUG_INFO = NO;
				SDKROOT = iphoneos;
				SWIFT_OPTIMIZATION_LEVEL = "-Owholemodule";
				TARGETED_DEVICE_FAMILY = "1,2";
				VALIDATE_PRODUCT = YES;
			};
			name = Release;
		};
		847DE86E1F31D24C000D9F68 /* Debug */ = {
			isa = XCBuildConfiguration;
			buildSettings = {
				ASSETCATALOG_COMPILER_APPICON_NAME = AppIcon;
				INFOPLIST_FILE = DemoNavigationController/Info.plist;
				LD_RUNPATH_SEARCH_PATHS = "$(inherited) @executable_path/Frameworks";
				PRODUCT_BUNDLE_IDENTIFIER = test.DemoNavigationController;
				PRODUCT_NAME = "$(TARGET_NAME)";
				SWIFT_VERSION = 3.0;
			};
			name = Debug;
		};
		847DE86F1F31D24C000D9F68 /* Release */ = {
			isa = XCBuildConfiguration;
			buildSettings = {
				ASSETCATALOG_COMPILER_APPICON_NAME = AppIcon;
				INFOPLIST_FILE = DemoNavigationController/Info.plist;
				LD_RUNPATH_SEARCH_PATHS = "$(inherited) @executable_path/Frameworks";
				PRODUCT_BUNDLE_IDENTIFIER = test.DemoNavigationController;
				PRODUCT_NAME = "$(TARGET_NAME)";
				SWIFT_VERSION = 3.0;
			};
			name = Release;
		};
/* End XCBuildConfiguration section */

/* Begin XCConfigurationList section */
		847DE8561F31D24C000D9F68 /* Build configuration list for PBXProject "DemoNavigationController" */ = {
			isa = XCConfigurationList;
			buildConfigurations = (
				847DE86B1F31D24C000D9F68 /* Debug */,
				847DE86C1F31D24C000D9F68 /* Release */,
			);
			defaultConfigurationIsVisible = 0;
			defaultConfigurationName = Release;
		};
		847DE86D1F31D24C000D9F68 /* Build configuration list for PBXNativeTarget "DemoNavigationController" */ = {
			isa = XCConfigurationList;
			buildConfigurations = (
				847DE86E1F31D24C000D9F68 /* Debug */,
				847DE86F1F31D24C000D9F68 /* Release */,
			);
			defaultConfigurationIsVisible = 0;
		};
/* End XCConfigurationList section */
	};
	rootObject = 847DE8531F31D24C000D9F68 /* Project object */;
}
