// !$*UTF8*$!
{
	archiveVersion = 1;
	classes = {
	};
	objectVersion = 46;
	objects = {

/* Begin PBXBuildFile section */
		847DFD111F44553600B5C7B7 /* AppDelegate.swift in Sources */ = {isa = PBXBuildFile; fileRef = 847DFD101F44553600B5C7B7 /* AppDelegate.swift */; };
		847DFD131F44553600B5C7B7 /* ViewController.swift in Sources */ = {isa = PBXBuildFile; fileRef = 847DFD121F44553600B5C7B7 /* ViewController.swift */; };
		847DFD161F44553600B5C7B7 /* Main.storyboard in Resources */ = {isa = PBXBuildFile; fileRef = 847DFD141F44553600B5C7B7 /* Main.storyboard */; };
		847DFD181F44553600B5C7B7 /* Assets.xcassets in Resources */ = {isa = PBXBuildFile; fileRef = 847DFD171F44553600B5C7B7 /* Assets.xcassets */; };
		847DFD1B1F44553600B5C7B7 /* LaunchScreen.storyboard in Resources */ = {isa = PBXBuildFile; fileRef = 847DFD191F44553600B5C7B7 /* LaunchScreen.storyboard */; };
/* End PBXBuildFile section */

/* Begin PBXFileReference section */
		847DFD0D1F44553600B5C7B7 /* DemoTakingPhotoCamera.app */ = {isa = PBXFileReference; explicitFileType = wrapper.application; includeInIndex = 0; path = DemoTakingPhotoCamera.app; sourceTree = BUILT_PRODUCTS_DIR; };
		847DFD101F44553600B5C7B7 /* AppDelegate.swift */ = {isa = PBXFileReference; lastKnownFileType = sourcecode.swift; path = AppDelegate.swift; sourceTree = "<group>"; };
		847DFD121F44553600B5C7B7 /* ViewController.swift */ = {isa = PBXFileReference; lastKnownFileType = sourcecode.swift; path = ViewController.swift; sourceTree = "<group>"; };
		847DFD151F44553600B5C7B7 /* Base */ = {isa = PBXFileReference; lastKnownFileType = file.storyboard; name = Base; path = Base.lproj/Main.storyboard; sourceTree = "<group>"; };
		847DFD171F44553600B5C7B7 /* Assets.xcassets */ = {isa = PBXFileReference; lastKnownFileType = folder.assetcatalog; path = Assets.xcassets; sourceTree = "<group>"; };
		847DFD1A1F44553600B5C7B7 /* Base */ = {isa = PBXFileReference; lastKnownFileType = file.storyboard; name = Base; path = Base.lproj/LaunchScreen.storyboard; sourceTree = "<group>"; };
		847DFD1C1F44553600B5C7B7 /* Info.plist */ = {isa = PBXFileReference; lastKnownFileType = text.plist.xml; path = Info.plist; sourceTree = "<group>"; };
/* End PBXFileReference section */

/* Begin PBXFrameworksBuildPhase section */
		847DFD0A1F44553600B5C7B7 /* Frameworks */ = {
			isa = PBXFrameworksBuildPhase;
			buildActionMask = 2147483647;
			files = (
			);
			runOnlyForDeploymentPostprocessing = 0;
		};
/* End PBXFrameworksBuildPhase section */

/* Begin PBXGroup section */
		847DFD041F44553600B5C7B7 = {
			isa = PBXGroup;
			children = (
				847DFD0F1F44553600B5C7B7 /* DemoTakingPhotoCamera */,
				847DFD0E1F44553600B5C7B7 /* Products */,
			);
			sourceTree = "<group>";
		};
		847DFD0E1F44553600B5C7B7 /* Products */ = {
			isa = PBXGroup;
			children = (
				847DFD0D1F44553600B5C7B7 /* DemoTakingPhotoCamera.app */,
			);
			name = Products;
			sourceTree = "<group>";
		};
		847DFD0F1F44553600B5C7B7 /* DemoTakingPhotoCamera */ = {
			isa = PBXGroup;
			children = (
				847DFD101F44553600B5C7B7 /* AppDelegate.swift */,
				847DFD121F44553600B5C7B7 /* ViewController.swift */,
				847DFD141F44553600B5C7B7 /* Main.storyboard */,
				847DFD171F44553600B5C7B7 /* Assets.xcassets */,
				847DFD191F44553600B5C7B7 /* LaunchScreen.storyboard */,
				847DFD1C1F44553600B5C7B7 /* Info.plist */,
			);
			path = DemoTakingPhotoCamera;
			sourceTree = "<group>";
		};
/* End PBXGroup section */

/* Begin PBXNativeTarget section */
		847DFD0C1F44553600B5C7B7 /* DemoTakingPhotoCamera */ = {
			isa = PBXNativeTarget;
			buildConfigurationList = 847DFD1F1F44553600B5C7B7 /* Build configuration list for PBXNativeTarget "DemoTakingPhotoCamera" */;
			buildPhases = (
				847DFD091F44553600B5C7B7 /* Sources */,
				847DFD0A1F44553600B5C7B7 /* Frameworks */,
				847DFD0B1F44553600B5C7B7 /* Resources */,
			);
			buildRules = (
			);
			dependencies = (
			);
			name = DemoTakingPhotoCamera;
			productName = DemoTakingPhotoCamera;
			productReference = 847DFD0D1F44553600B5C7B7 /* DemoTakingPhotoCamera.app */;
			productType = "com.apple.product-type.application";
		};
/* End PBXNativeTarget section */

/* Begin PBXProject section */
		847DFD051F44553600B5C7B7 /* Project object */ = {
			isa = PBXProject;
			attributes = {
				LastSwiftUpdateCheck = 0830;
				LastUpgradeCheck = 0830;
				ORGANIZATIONNAME = "Nguyen Nam";
				TargetAttributes = {
					847DFD0C1F44553600B5C7B7 = {
						CreatedOnToolsVersion = 8.3;
						DevelopmentTeam = PT7KFKB77Y;
						ProvisioningStyle = Automatic;
					};
				};
			};
			buildConfigurationList = 847DFD081F44553600B5C7B7 /* Build configuration list for PBXProject "DemoTakingPhotoCamera" */;
			compatibilityVersion = "Xcode 3.2";
			developmentRegion = English;
			hasScannedForEncodings = 0;
			knownRegions = (
				en,
				Base,
			);
			mainGroup = 847DFD041F44553600B5C7B7;
			productRefGroup = 847DFD0E1F44553600B5C7B7 /* Products */;
			projectDirPath = "";
			projectRoot = "";
			targets = (
				847DFD0C1F44553600B5C7B7 /* DemoTakingPhotoCamera */,
			);
		};
/* End PBXProject section */

/* Begin PBXResourcesBuildPhase section */
		847DFD0B1F44553600B5C7B7 /* Resources */ = {
			isa = PBXResourcesBuildPhase;
			buildActionMask = 2147483647;
			files = (
				847DFD1B1F44553600B5C7B7 /* LaunchScreen.storyboard in Resources */,
				847DFD181F44553600B5C7B7 /* Assets.xcassets in Resources */,
				847DFD161F44553600B5C7B7 /* Main.storyboard in Resources */,
			);
			runOnlyForDeploymentPostprocessing = 0;
		};
/* End PBXResourcesBuildPhase section */

/* Begin PBXSourcesBuildPhase section */
		847DFD091F44553600B5C7B7 /* Sources */ = {
			isa = PBXSourcesBuildPhase;
			buildActionMask = 2147483647;
			files = (
				847DFD131F44553600B5C7B7 /* ViewController.swift in Sources */,
				847DFD111F44553600B5C7B7 /* AppDelegate.swift in Sources */,
			);
			runOnlyForDeploymentPostprocessing = 0;
		};
/* End PBXSourcesBuildPhase section */

/* Begin PBXVariantGroup section */
		847DFD141F44553600B5C7B7 /* Main.storyboard */ = {
			isa = PBXVariantGroup;
			children = (
				847DFD151F44553600B5C7B7 /* Base */,
			);
			name = Main.storyboard;
			sourceTree = "<group>";
		};
		847DFD191F44553600B5C7B7 /* LaunchScreen.storyboard */ = {
			isa = PBXVariantGroup;
			children = (
				847DFD1A1F44553600B5C7B7 /* Base */,
			);
			name = LaunchScreen.storyboard;
			sourceTree = "<group>";
		};
/* End PBXVariantGroup section */

/* Begin XCBuildConfiguration section */
		847DFD1D1F44553600B5C7B7 /* Debug */ = {
			isa = XCBuildConfiguration;
			buildSettings = {
				ALWAYS_SEARCH_USER_PATHS = NO;
				CLANG_ANALYZER_NONNULL = YES;
				CLANG_ANALYZER_NUMBER_OBJECT_CONVERSION = YES_AGGRESSIVE;
				CLANG_CXX_LANGUAGE_STANDARD = "gnu++0x";
				CLANG_CXX_LIBRARY = "libc++";
				CLANG_ENABLE_MODULES = YES;
				CLANG_ENABLE_OBJC_ARC = YES;
				CLANG_WARN_BOOL_CONVERSION = YES;
				CLANG_WARN_CONSTANT_CONVERSION = YES;
				CLANG_WARN_DIRECT_OBJC_ISA_USAGE = YES_ERROR;
				CLANG_WARN_DOCUMENTATION_COMMENTS = YES;
				CLANG_WARN_EMPTY_BODY = YES;
				CLANG_WARN_ENUM_CONVERSION = YES;
				CLANG_WARN_INFINITE_RECURSION = YES;
				CLANG_WARN_INT_CONVERSION = YES;
				CLANG_WARN_OBJC_ROOT_CLASS = YES_ERROR;
				CLANG_WARN_SUSPICIOUS_MOVE = YES;
				CLANG_WARN_UNREACHABLE_CODE = YES;
				CLANG_WARN__DUPLICATE_METHOD_MATCH = YES;
				"CODE_SIGN_IDENTITY[sdk=iphoneos*]" = "iPhone Developer";
				COPY_PHASE_STRIP = NO;
				DEBUG_INFORMATION_FORMAT = dwarf;
				ENABLE_STRICT_OBJC_MSGSEND = YES;
				ENABLE_TESTABILITY = YES;
				GCC_C_LANGUAGE_STANDARD = gnu99;
				GCC_DYNAMIC_NO_PIC = NO;
				GCC_NO_COMMON_BLOCKS = YES;
				GCC_OPTIMIZATION_LEVEL = 0;
				GCC_PREPROCESSOR_DEFINITIONS = (
					"DEBUG=1",
					"$(inherited)",
				);
				GCC_WARN_64_TO_32_BIT_CONVERSION = YES;
				GCC_WARN_ABOUT_RETURN_TYPE = YES_ERROR;
				GCC_WARN_UNDECLARED_SELECTOR = YES;
				GCC_WARN_UNINITIALIZED_AUTOS = YES_AGGRESSIVE;
				GCC_WARN_UNUSED_FUNCTION = YES;
				GCC_WARN_UNUSED_VARIABLE = YES;
				IPHONEOS_DEPLOYMENT_TARGET = 10.3;
				MTL_ENABLE_DEBUG_INFO = YES;
				ONLY_ACTIVE_ARCH = YES;
				SDKROOT = iphoneos;
				SWIFT_ACTIVE_COMPILATION_CONDITIONS = DEBUG;
				SWIFT_OPTIMIZATION_LEVEL = "-Onone";
				TARGETED_DEVICE_FAMILY = "1,2";
			};
			name = Debug;
		};
		847DFD1E1F44553600B5C7B7 /* Release */ = {
			isa = XCBuildConfiguration;
			buildSettings = {
				ALWAYS_SEARCH_USER_PATHS = NO;
				CLANG_ANALYZER_NONNULL = YES;
				CLANG_ANALYZER_NUMBER_OBJECT_CONVERSION = YES_AGGRESSIVE;
				CLANG_CXX_LANGUAGE_STANDARD = "gnu++0x";
				CLANG_CXX_LIBRARY = "libc++";
				CLANG_ENABLE_MODULES = YES;
				CLANG_ENABLE_OBJC_ARC = YES;
				CLANG_WARN_BOOL_CONVERSION = YES;
				CLANG_WARN_CONSTANT_CONVERSION = YES;
				CLANG_WARN_DIRECT_OBJC_ISA_USAGE = YES_ERROR;
				CLANG_WARN_DOCUMENTATION_COMMENTS = YES;
				CLANG_WARN_EMPTY_BODY = YES;
				CLANG_WARN_ENUM_CONVERSION = YES;
				CLANG_WARN_INFINITE_RECURSION = YES;
				CLANG_WARN_INT_CONVERSION = YES;
				CLANG_WARN_OBJC_ROOT_CLASS = YES_ERROR;
				CLANG_WARN_SUSPICIOUS_MOVE = YES;
				CLANG_WARN_UNREACHABLE_CODE = YES;
				CLANG_WARN__DUPLICATE_METHOD_MATCH = YES;
				"CODE_SIGN_IDENTITY[sdk=iphoneos*]" = "iPhone Developer";
				COPY_PHASE_STRIP = NO;
				DEBUG_INFORMATION_FORMAT = "dwarf-with-dsym";
				ENABLE_NS_ASSERTIONS = NO;
				ENABLE_STRICT_OBJC_MSGSEND = YES;
				GCC_C_LANGUAGE_STANDARD = gnu99;
				GCC_NO_COMMON_BLOCKS = YES;
				GCC_WARN_64_TO_32_BIT_CONVERSION = YES;
				GCC_WARN_ABOUT_RETURN_TYPE = YES_ERROR;
				GCC_WARN_UNDECLARED_SELECTOR = YES;
				GCC_WARN_UNINITIALIZED_AUTOS = YES_AGGRESSIVE;
				GCC_WARN_UNUSED_FUNCTION = YES;
				GCC_WARN_UNUSED_VARIABLE = YES;
				IPHONEOS_DEPLOYMENT_TARGET = 10.3;
				MTL_ENABLE_DEBUG_INFO = NO;
				SDKROOT = iphoneos;
				SWIFT_OPTIMIZATION_LEVEL = "-Owholemodule";
				TARGETED_DEVICE_FAMILY = "1,2";
				VALIDATE_PRODUCT = YES;
			};
			name = Release;
		};
		847DFD201F44553600B5C7B7 /* Debug */ = {
			isa = XCBuildConfiguration;
			buildSettings = {
				ASSETCATALOG_COMPILER_APPICON_NAME = AppIcon;
				DEVELOPMENT_TEAM = PT7KFKB77Y;
				INFOPLIST_FILE = DemoTakingPhotoCamera/Info.plist;
				LD_RUNPATH_SEARCH_PATHS = "$(inherited) @executable_path/Frameworks";
				PRODUCT_BUNDLE_IDENTIFIER = test.DemoTakingPhotoCamera;
				PRODUCT_NAME = "$(TARGET_NAME)";
				SWIFT_VERSION = 3.0;
			};
			name = Debug;
		};
		847DFD211F44553600B5C7B7 /* Release */ = {
			isa = XCBuildConfiguration;
			buildSettings = {
				ASSETCATALOG_COMPILER_APPICON_NAME = AppIcon;
				DEVELOPMENT_TEAM = PT7KFKB77Y;
				INFOPLIST_FILE = DemoTakingPhotoCamera/Info.plist;
				LD_RUNPATH_SEARCH_PATHS = "$(inherited) @executable_path/Frameworks";
				PRODUCT_BUNDLE_IDENTIFIER = test.DemoTakingPhotoCamera;
				PRODUCT_NAME = "$(TARGET_NAME)";
				SWIFT_VERSION = 3.0;
			};
			name = Release;
		};
/* End XCBuildConfiguration section */

/* Begin XCConfigurationList section */
		847DFD081F44553600B5C7B7 /* Build configuration list for PBXProject "DemoTakingPhotoCamera" */ = {
			isa = XCConfigurationList;
			buildConfigurations = (
				847DFD1D1F44553600B5C7B7 /* Debug */,
				847DFD1E1F44553600B5C7B7 /* Release */,
			);
			defaultConfigurationIsVisible = 0;
			defaultConfigurationName = Release;
		};
		847DFD1F1F44553600B5C7B7 /* Build configuration list for PBXNativeTarget "DemoTakingPhotoCamera" */ = {
			isa = XCConfigurationList;
			buildConfigurations = (
				847DFD201F44553600B5C7B7 /* Debug */,
				847DFD211F44553600B5C7B7 /* Release */,
			);
			defaultConfigurationIsVisible = 0;
			defaultConfigurationName = Release;
		};
/* End XCConfigurationList section */
	};
	rootObject = 847DFD051F44553600B5C7B7 /* Project object */;
}
