PODS:
  - Socket.IO-Client-Swift (11.0.2):
    - StarscreamSocketIO (~> 8.0.2)
  - StarscreamSocketIO (8.0.2)

DEPENDENCIES:
  - Socket.IO-Client-Swift

SPEC CHECKSUMS:
  Socket.IO-Client-Swift: 17d4daf85d74125c33481d9bc40cbe678f0d631a
  StarscreamSocketIO: c02ffb2920bd38de6658ce213071fc4ae0e35423

PODFILE CHECKSUM: ee1d5e76e328a46c148a28b6925d5037e0e99104

COCOAPODS: 1.3.1
