// !$*UTF8*$!
{
	archiveVersion = 1;
	classes = {
	};
	objectVersion = 48;
	objects = {

/* Begin PBXBuildFile section */
		843F8FC520E9D6B900B393E3 /* AppDelegate.swift in Sources */ = {isa = PBXBuildFile; fileRef = 843F8FC420E9D6B900B393E3 /* AppDelegate.swift */; };
		843F8FC720E9D6B900B393E3 /* ViewController.swift in Sources */ = {isa = PBXBuildFile; fileRef = 843F8FC620E9D6B900B393E3 /* ViewController.swift */; };
		843F8FCA20E9D6B900B393E3 /* Main.storyboard in Resources */ = {isa = PBXBuildFile; fileRef = 843F8FC820E9D6B900B393E3 /* Main.storyboard */; };
		843F8FCC20E9D6B900B393E3 /* Assets.xcassets in Resources */ = {isa = PBXBuildFile; fileRef = 843F8FCB20E9D6B900B393E3 /* Assets.xcassets */; };
		843F8FCF20E9D6B900B393E3 /* LaunchScreen.storyboard in Resources */ = {isa = PBXBuildFile; fileRef = 843F8FCD20E9D6B900B393E3 /* LaunchScreen.storyboard */; };
/* End PBXBuildFile section */

/* Begin PBXFileReference section */
		843F8FC120E9D6B900B393E3 /* DemoAnimationWithCADisplayLink.app */ = {isa = PBXFileReference; explicitFileType = wrapper.application; includeInIndex = 0; path = DemoAnimationWithCADisplayLink.app; sourceTree = BUILT_PRODUCTS_DIR; };
		843F8FC420E9D6B900B393E3 /* AppDelegate.swift */ = {isa = PBXFileReference; lastKnownFileType = sourcecode.swift; path = AppDelegate.swift; sourceTree = "<group>"; };
		843F8FC620E9D6B900B393E3 /* ViewController.swift */ = {isa = PBXFileReference; lastKnownFileType = sourcecode.swift; path = ViewController.swift; sourceTree = "<group>"; };
		843F8FC920E9D6B900B393E3 /* Base */ = {isa = PBXFileReference; lastKnownFileType = file.storyboard; name = Base; path = Base.lproj/Main.storyboard; sourceTree = "<group>"; };
		843F8FCB20E9D6B900B393E3 /* Assets.xcassets */ = {isa = PBXFileReference; lastKnownFileType = folder.assetcatalog; path = Assets.xcassets; sourceTree = "<group>"; };
		843F8FCE20E9D6B900B393E3 /* Base */ = {isa = PBXFileReference; lastKnownFileType = file.storyboard; name = Base; path = Base.lproj/LaunchScreen.storyboard; sourceTree = "<group>"; };
		843F8FD020E9D6B900B393E3 /* Info.plist */ = {isa = PBXFileReference; lastKnownFileType = text.plist.xml; path = Info.plist; sourceTree = "<group>"; };
/* End PBXFileReference section */

/* Begin PBXFrameworksBuildPhase section */
		843F8FBE20E9D6B900B393E3 /* Frameworks */ = {
			isa = PBXFrameworksBuildPhase;
			buildActionMask = 2147483647;
			files = (
			);
			runOnlyForDeploymentPostprocessing = 0;
		};
/* End PBXFrameworksBuildPhase section */

/* Begin PBXGroup section */
		843F8FB820E9D6B900B393E3 = {
			isa = PBXGroup;
			children = (
				843F8FC320E9D6B900B393E3 /* DemoAnimationWithCADisplayLink */,
				843F8FC220E9D6B900B393E3 /* Products */,
			);
			sourceTree = "<group>";
		};
		843F8FC220E9D6B900B393E3 /* Products */ = {
			isa = PBXGroup;
			children = (
				843F8FC120E9D6B900B393E3 /* DemoAnimationWithCADisplayLink.app */,
			);
			name = Products;
			sourceTree = "<group>";
		};
		843F8FC320E9D6B900B393E3 /* DemoAnimationWithCADisplayLink */ = {
			isa = PBXGroup;
			children = (
				843F8FC420E9D6B900B393E3 /* AppDelegate.swift */,
				843F8FC620E9D6B900B393E3 /* ViewController.swift */,
				843F8FC820E9D6B900B393E3 /* Main.storyboard */,
				843F8FCB20E9D6B900B393E3 /* Assets.xcassets */,
				843F8FCD20E9D6B900B393E3 /* LaunchScreen.storyboard */,
				843F8FD020E9D6B900B393E3 /* Info.plist */,
			);
			path = DemoAnimationWithCADisplayLink;
			sourceTree = "<group>";
		};
/* End PBXGroup section */

/* Begin PBXNativeTarget section */
		843F8FC020E9D6B900B393E3 /* DemoAnimationWithCADisplayLink */ = {
			isa = PBXNativeTarget;
			buildConfigurationList = 843F8FD320E9D6B900B393E3 /* Build configuration list for PBXNativeTarget "DemoAnimationWithCADisplayLink" */;
			buildPhases = (
				843F8FBD20E9D6B900B393E3 /* Sources */,
				843F8FBE20E9D6B900B393E3 /* Frameworks */,
				843F8FBF20E9D6B900B393E3 /* Resources */,
			);
			buildRules = (
			);
			dependencies = (
			);
			name = DemoAnimationWithCADisplayLink;
			productName = DemoAnimationWithCADisplayLink;
			productReference = 843F8FC120E9D6B900B393E3 /* DemoAnimationWithCADisplayLink.app */;
			productType = "com.apple.product-type.application";
		};
/* End PBXNativeTarget section */

/* Begin PBXProject section */
		843F8FB920E9D6B900B393E3 /* Project object */ = {
			isa = PBXProject;
			attributes = {
				LastSwiftUpdateCheck = 0920;
				LastUpgradeCheck = 0920;
				ORGANIZATIONNAME = "Nguyen Nam";
				TargetAttributes = {
					843F8FC020E9D6B900B393E3 = {
						CreatedOnToolsVersion = 9.2;
						ProvisioningStyle = Automatic;
					};
				};
			};
			buildConfigurationList = 843F8FBC20E9D6B900B393E3 /* Build configuration list for PBXProject "DemoAnimationWithCADisplayLink" */;
			compatibilityVersion = "Xcode 8.0";
			developmentRegion = en;
			hasScannedForEncodings = 0;
			knownRegions = (
				en,
				Base,
			);
			mainGroup = 843F8FB820E9D6B900B393E3;
			productRefGroup = 843F8FC220E9D6B900B393E3 /* Products */;
			projectDirPath = "";
			projectRoot = "";
			targets = (
				843F8FC020E9D6B900B393E3 /* DemoAnimationWithCADisplayLink */,
			);
		};
/* End PBXProject section */

/* Begin PBXResourcesBuildPhase section */
		843F8FBF20E9D6B900B393E3 /* Resources */ = {
			isa = PBXResourcesBuildPhase;
			buildActionMask = 2147483647;
			files = (
				843F8FCF20E9D6B900B393E3 /* LaunchScreen.storyboard in Resources */,
				843F8FCC20E9D6B900B393E3 /* Assets.xcassets in Resources */,
				843F8FCA20E9D6B900B393E3 /* Main.storyboard in Resources */,
			);
			runOnlyForDeploymentPostprocessing = 0;
		};
/* End PBXResourcesBuildPhase section */

/* Begin PBXSourcesBuildPhase section */
		843F8FBD20E9D6B900B393E3 /* Sources */ = {
			isa = PBXSourcesBuildPhase;
			buildActionMask = 2147483647;
			files = (
				843F8FC720E9D6B900B393E3 /* ViewController.swift in Sources */,
				843F8FC520E9D6B900B393E3 /* AppDelegate.swift in Sources */,
			);
			runOnlyForDeploymentPostprocessing = 0;
		};
/* End PBXSourcesBuildPhase section */

/* Begin PBXVariantGroup section */
		843F8FC820E9D6B900B393E3 /* Main.storyboard */ = {
			isa = PBXVariantGroup;
			children = (
				843F8FC920E9D6B900B393E3 /* Base */,
			);
			name = Main.storyboard;
			sourceTree = "<group>";
		};
		843F8FCD20E9D6B900B393E3 /* LaunchScreen.storyboard */ = {
			isa = PBXVariantGroup;
			children = (
				843F8FCE20E9D6B900B393E3 /* Base */,
			);
			name = LaunchScreen.storyboard;
			sourceTree = "<group>";
		};
/* End PBXVariantGroup section */

/* Begin XCBuildConfiguration section */
		843F8FD120E9D6B900B393E3 /* Debug */ = {
			isa = XCBuildConfiguration;
			buildSettings = {
				ALWAYS_SEARCH_USER_PATHS = NO;
				CLANG_ANALYZER_NONNULL = YES;
				CLANG_ANALYZER_NUMBER_OBJECT_CONVERSION = YES_AGGRESSIVE;
				CLANG_CXX_LANGUAGE_STANDARD = "gnu++14";
				CLANG_CXX_LIBRARY = "libc++";
				CLANG_ENABLE_MODULES = YES;
				CLANG_ENABLE_OBJC_ARC = YES;
				CLANG_WARN_BLOCK_CAPTURE_AUTORELEASING = YES;
				CLANG_WARN_BOOL_CONVERSION = YES;
				CLANG_WARN_COMMA = YES;
				CLANG_WARN_CONSTANT_CONVERSION = YES;
				CLANG_WARN_DIRECT_OBJC_ISA_USAGE = YES_ERROR;
				CLANG_WARN_DOCUMENTATION_COMMENTS = YES;
				CLANG_WARN_EMPTY_BODY = YES;
				CLANG_WARN_ENUM_CONVERSION = YES;
				CLANG_WARN_INFINITE_RECURSION = YES;
				CLANG_WARN_INT_CONVERSION = YES;
				CLANG_WARN_NON_LITERAL_NULL_CONVERSION = YES;
				CLANG_WARN_OBJC_LITERAL_CONVERSION = YES;
				CLANG_WARN_OBJC_ROOT_CLASS = YES_ERROR;
				CLANG_WARN_RANGE_LOOP_ANALYSIS = YES;
				CLANG_WARN_STRICT_PROTOTYPES = YES;
				CLANG_WARN_SUSPICIOUS_MOVE = YES;
				CLANG_WARN_UNGUARDED_AVAILABILITY = YES_AGGRESSIVE;
				CLANG_WARN_UNREACHABLE_CODE = YES;
				CLANG_WARN__DUPLICATE_METHOD_MATCH = YES;
				CODE_SIGN_IDENTITY = "iPhone Developer";
				COPY_PHASE_STRIP = NO;
				DEBUG_INFORMATION_FORMAT = dwarf;
				ENABLE_STRICT_OBJC_MSGSEND = YES;
				ENABLE_TESTABILITY = YES;
				GCC_C_LANGUAGE_STANDARD = gnu11;
				GCC_DYNAMIC_NO_PIC = NO;
				GCC_NO_COMMON_BLOCKS = YES;
				GCC_OPTIMIZATION_LEVEL = 0;
				GCC_PREPROCESSOR_DEFINITIONS = (
					"DEBUG=1",
					"$(inherited)",
				);
				GCC_WARN_64_TO_32_BIT_CONVERSION = YES;
				GCC_WARN_ABOUT_RETURN_TYPE = YES_ERROR;
				GCC_WARN_UNDECLARED_SELECTOR = YES;
				GCC_WARN_UNINITIALIZED_AUTOS = YES_AGGRESSIVE;
				GCC_WARN_UNUSED_FUNCTION = YES;
				GCC_WARN_UNUSED_VARIABLE = YES;
				IPHONEOS_DEPLOYMENT_TARGET = 11.2;
				MTL_ENABLE_DEBUG_INFO = YES;
				ONLY_ACTIVE_ARCH = YES;
				SDKROOT = iphoneos;
				SWIFT_ACTIVE_COMPILATION_CONDITIONS = DEBUG;
				SWIFT_OPTIMIZATION_LEVEL = "-Onone";
			};
			name = Debug;
		};
		843F8FD220E9D6B900B393E3 /* Release */ = {
			isa = XCBuildConfiguration;
			buildSettings = {
				ALWAYS_SEARCH_USER_PATHS = NO;
				CLANG_ANALYZER_NONNULL = YES;
				CLANG_ANALYZER_NUMBER_OBJECT_CONVERSION = YES_AGGRESSIVE;
				CLANG_CXX_LANGUAGE_STANDARD = "gnu++14";
				CLANG_CXX_LIBRARY = "libc++";
				CLANG_ENABLE_MODULES = YES;
				CLANG_ENABLE_OBJC_ARC = YES;
				CLANG_WARN_BLOCK_CAPTURE_AUTORELEASING = YES;
				CLANG_WARN_BOOL_CONVERSION = YES;
				CLANG_WARN_COMMA = YES;
				CLANG_WARN_CONSTANT_CONVERSION = YES;
				CLANG_WARN_DIRECT_OBJC_ISA_USAGE = YES_ERROR;
				CLANG_WARN_DOCUMENTATION_COMMENTS = YES;
				CLANG_WARN_EMPTY_BODY = YES;
				CLANG_WARN_ENUM_CONVERSION = YES;
				CLANG_WARN_INFINITE_RECURSION = YES;
				CLANG_WARN_INT_CONVERSION = YES;
				CLANG_WARN_NON_LITERAL_NULL_CONVERSION = YES;
				CLANG_WARN_OBJC_LITERAL_CONVERSION = YES;
				CLANG_WARN_OBJC_ROOT_CLASS = YES_ERROR;
				CLANG_WARN_RANGE_LOOP_ANALYSIS = YES;
				CLANG_WARN_STRICT_PROTOTYPES = YES;
				CLANG_WARN_SUSPICIOUS_MOVE = YES;
				CLANG_WARN_UNGUARDED_AVAILABILITY = YES_AGGRESSIVE;
				CLANG_WARN_UNREACHABLE_CODE = YES;
				CLANG_WARN__DUPLICATE_METHOD_MATCH = YES;
				CODE_SIGN_IDENTITY = "iPhone Developer";
				COPY_PHASE_STRIP = NO;
				DEBUG_INFORMATION_FORMAT = "dwarf-with-dsym";
				ENABLE_NS_ASSERTIONS = NO;
				ENABLE_STRICT_OBJC_MSGSEND = YES;
				GCC_C_LANGUAGE_STANDARD = gnu11;
				GCC_NO_COMMON_BLOCKS = YES;
				GCC_WARN_64_TO_32_BIT_CONVERSION = YES;
				GCC_WARN_ABOUT_RETURN_TYPE = YES_ERROR;
				GCC_WARN_UNDECLARED_SELECTOR = YES;
				GCC_WARN_UNINITIALIZED_AUTOS = YES_AGGRESSIVE;
				GCC_WARN_UNUSED_FUNCTION = YES;
				GCC_WARN_UNUSED_VARIABLE = YES;
				IPHONEOS_DEPLOYMENT_TARGET = 11.2;
				MTL_ENABLE_DEBUG_INFO = NO;
				SDKROOT = iphoneos;
				SWIFT_OPTIMIZATION_LEVEL = "-Owholemodule";
				VALIDATE_PRODUCT = YES;
			};
			name = Release;
		};
		843F8FD420E9D6B900B393E3 /* Debug */ = {
			isa = XCBuildConfiguration;
			buildSettings = {
				ASSETCATALOG_COMPILER_APPICON_NAME = AppIcon;
				CODE_SIGN_STYLE = Automatic;
				DEVELOPMENT_TEAM = PT7KFKB77Y;
				INFOPLIST_FILE = DemoAnimationWithCADisplayLink/Info.plist;
				IPHONEOS_DEPLOYMENT_TARGET = 11.2;
				LD_RUNPATH_SEARCH_PATHS = "$(inherited) @executable_path/Frameworks";
				PRODUCT_BUNDLE_IDENTIFIER = com.wordpress.nguyenvannamdev.DemoAnimaitonWithCADisplayLink;
				PRODUCT_NAME = "$(TARGET_NAME)";
				SWIFT_VERSION = 4.0;
				TARGETED_DEVICE_FAMILY = "1,2";
			};
			name = Debug;
		};
		843F8FD520E9D6B900B393E3 /* Release */ = {
			isa = XCBuildConfiguration;
			buildSettings = {
				ASSETCATALOG_COMPILER_APPICON_NAME = AppIcon;
				CODE_SIGN_STYLE = Automatic;
				DEVELOPMENT_TEAM = PT7KFKB77Y;
				INFOPLIST_FILE = DemoAnimationWithCADisplayLink/Info.plist;
				IPHONEOS_DEPLOYMENT_TARGET = 11.2;
				LD_RUNPATH_SEARCH_PATHS = "$(inherited) @executable_path/Frameworks";
				PRODUCT_BUNDLE_IDENTIFIER = com.wordpress.nguyenvannamdev.DemoAnimaitonWithCADisplayLink;
				PRODUCT_NAME = "$(TARGET_NAME)";
				SWIFT_VERSION = 4.0;
				TARGETED_DEVICE_FAMILY = "1,2";
			};
			name = Release;
		};
/* End XCBuildConfiguration section */

/* Begin XCConfigurationList section */
		843F8FBC20E9D6B900B393E3 /* Build configuration list for PBXProject "DemoAnimationWithCADisplayLink" */ = {
			isa = XCConfigurationList;
			buildConfigurations = (
				843F8FD120E9D6B900B393E3 /* Debug */,
				843F8FD220E9D6B900B393E3 /* Release */,
			);
			defaultConfigurationIsVisible = 0;
			defaultConfigurationName = Release;
		};
		843F8FD320E9D6B900B393E3 /* Build configuration list for PBXNativeTarget "DemoAnimationWithCADisplayLink" */ = {
			isa = XCConfigurationList;
			buildConfigurations = (
				843F8FD420E9D6B900B393E3 /* Debug */,
				843F8FD520E9D6B900B393E3 /* Release */,
			);
			defaultConfigurationIsVisible = 0;
			defaultConfigurationName = Release;
		};
/* End XCConfigurationList section */
	};
	rootObject = 843F8FB920E9D6B900B393E3 /* Project object */;
}
