// !$*UTF8*$!
{
	archiveVersion = 1;
	classes = {
	};
	objectVersion = 48;
	objects = {

/* Begin PBXBuildFile section */
		84D0C2E1204B9456001EC460 /* AppDelegate.swift in Sources */ = {isa = PBXBuildFile; fileRef = 84D0C2E0204B9456001EC460 /* AppDelegate.swift */; };
		84D0C2E3204B9456001EC460 /* ViewController.swift in Sources */ = {isa = PBXBuildFile; fileRef = 84D0C2E2204B9456001EC460 /* ViewController.swift */; };
		84D0C2E6204B9456001EC460 /* Main.storyboard in Resources */ = {isa = PBXBuildFile; fileRef = 84D0C2E4204B9456001EC460 /* Main.storyboard */; };
		84D0C2E9204B9456001EC460 /* TinderProfileGrid.xcdatamodeld in Sources */ = {isa = PBXBuildFile; fileRef = 84D0C2E7204B9456001EC460 /* TinderProfileGrid.xcdatamodeld */; };
		84D0C2EB204B9456001EC460 /* Assets.xcassets in Resources */ = {isa = PBXBuildFile; fileRef = 84D0C2EA204B9456001EC460 /* Assets.xcassets */; };
		84D0C2EE204B9456001EC460 /* LaunchScreen.storyboard in Resources */ = {isa = PBXBuildFile; fileRef = 84D0C2EC204B9456001EC460 /* LaunchScreen.storyboard */; };
		84D0C2F6204B9494001EC460 /* Header.xib in Resources */ = {isa = PBXBuildFile; fileRef = 84D0C2F5204B9494001EC460 /* Header.xib */; };
/* End PBXBuildFile section */

/* Begin PBXFileReference section */
		84D0C2DD204B9456001EC460 /* TinderProfileGrid.app */ = {isa = PBXFileReference; explicitFileType = wrapper.application; includeInIndex = 0; path = TinderProfileGrid.app; sourceTree = BUILT_PRODUCTS_DIR; };
		84D0C2E0204B9456001EC460 /* AppDelegate.swift */ = {isa = PBXFileReference; lastKnownFileType = sourcecode.swift; path = AppDelegate.swift; sourceTree = "<group>"; };
		84D0C2E2204B9456001EC460 /* ViewController.swift */ = {isa = PBXFileReference; lastKnownFileType = sourcecode.swift; path = ViewController.swift; sourceTree = "<group>"; };
		84D0C2E5204B9456001EC460 /* Base */ = {isa = PBXFileReference; lastKnownFileType = file.storyboard; name = Base; path = Base.lproj/Main.storyboard; sourceTree = "<group>"; };
		84D0C2E8204B9456001EC460 /* TinderProfileGrid.xcdatamodel */ = {isa = PBXFileReference; lastKnownFileType = wrapper.xcdatamodel; path = TinderProfileGrid.xcdatamodel; sourceTree = "<group>"; };
		84D0C2EA204B9456001EC460 /* Assets.xcassets */ = {isa = PBXFileReference; lastKnownFileType = folder.assetcatalog; path = Assets.xcassets; sourceTree = "<group>"; };
		84D0C2ED204B9456001EC460 /* Base */ = {isa = PBXFileReference; lastKnownFileType = file.storyboard; name = Base; path = Base.lproj/LaunchScreen.storyboard; sourceTree = "<group>"; };
		84D0C2EF204B9456001EC460 /* Info.plist */ = {isa = PBXFileReference; lastKnownFileType = text.plist.xml; path = Info.plist; sourceTree = "<group>"; };
		84D0C2F5204B9494001EC460 /* Header.xib */ = {isa = PBXFileReference; lastKnownFileType = file.xib; path = Header.xib; sourceTree = "<group>"; };
/* End PBXFileReference section */

/* Begin PBXFrameworksBuildPhase section */
		84D0C2DA204B9455001EC460 /* Frameworks */ = {
			isa = PBXFrameworksBuildPhase;
			buildActionMask = 2147483647;
			files = (
			);
			runOnlyForDeploymentPostprocessing = 0;
		};
/* End PBXFrameworksBuildPhase section */

/* Begin PBXGroup section */
		84D0C2D4204B9455001EC460 = {
			isa = PBXGroup;
			children = (
				84D0C2DF204B9456001EC460 /* TinderProfileGrid */,
				84D0C2DE204B9456001EC460 /* Products */,
			);
			sourceTree = "<group>";
		};
		84D0C2DE204B9456001EC460 /* Products */ = {
			isa = PBXGroup;
			children = (
				84D0C2DD204B9456001EC460 /* TinderProfileGrid.app */,
			);
			name = Products;
			sourceTree = "<group>";
		};
		84D0C2DF204B9456001EC460 /* TinderProfileGrid */ = {
			isa = PBXGroup;
			children = (
				84D0C2E0204B9456001EC460 /* AppDelegate.swift */,
				84D0C2E2204B9456001EC460 /* ViewController.swift */,
				84D0C2E4204B9456001EC460 /* Main.storyboard */,
				84D0C2EA204B9456001EC460 /* Assets.xcassets */,
				84D0C2EC204B9456001EC460 /* LaunchScreen.storyboard */,
				84D0C2EF204B9456001EC460 /* Info.plist */,
				84D0C2E7204B9456001EC460 /* TinderProfileGrid.xcdatamodeld */,
				84D0C2F5204B9494001EC460 /* Header.xib */,
			);
			path = TinderProfileGrid;
			sourceTree = "<group>";
		};
/* End PBXGroup section */

/* Begin PBXNativeTarget section */
		84D0C2DC204B9455001EC460 /* TinderProfileGrid */ = {
			isa = PBXNativeTarget;
			buildConfigurationList = 84D0C2F2204B9456001EC460 /* Build configuration list for PBXNativeTarget "TinderProfileGrid" */;
			buildPhases = (
				84D0C2D9204B9455001EC460 /* Sources */,
				84D0C2DA204B9455001EC460 /* Frameworks */,
				84D0C2DB204B9455001EC460 /* Resources */,
			);
			buildRules = (
			);
			dependencies = (
			);
			name = TinderProfileGrid;
			productName = TinderProfileGrid;
			productReference = 84D0C2DD204B9456001EC460 /* TinderProfileGrid.app */;
			productType = "com.apple.product-type.application";
		};
/* End PBXNativeTarget section */

/* Begin PBXProject section */
		84D0C2D5204B9455001EC460 /* Project object */ = {
			isa = PBXProject;
			attributes = {
				LastSwiftUpdateCheck = 0920;
				LastUpgradeCheck = 0920;
				ORGANIZATIONNAME = "Nguyen Nam";
				TargetAttributes = {
					84D0C2DC204B9455001EC460 = {
						CreatedOnToolsVersion = 9.2;
						ProvisioningStyle = Automatic;
					};
				};
			};
			buildConfigurationList = 84D0C2D8204B9455001EC460 /* Build configuration list for PBXProject "TinderProfileGrid" */;
			compatibilityVersion = "Xcode 8.0";
			developmentRegion = en;
			hasScannedForEncodings = 0;
			knownRegions = (
				en,
				Base,
			);
			mainGroup = 84D0C2D4204B9455001EC460;
			productRefGroup = 84D0C2DE204B9456001EC460 /* Products */;
			projectDirPath = "";
			projectRoot = "";
			targets = (
				84D0C2DC204B9455001EC460 /* TinderProfileGrid */,
			);
		};
/* End PBXProject section */

/* Begin PBXResourcesBuildPhase section */
		84D0C2DB204B9455001EC460 /* Resources */ = {
			isa = PBXResourcesBuildPhase;
			buildActionMask = 2147483647;
			files = (
				84D0C2F6204B9494001EC460 /* Header.xib in Resources */,
				84D0C2EE204B9456001EC460 /* LaunchScreen.storyboard in Resources */,
				84D0C2EB204B9456001EC460 /* Assets.xcassets in Resources */,
				84D0C2E6204B9456001EC460 /* Main.storyboard in Resources */,
			);
			runOnlyForDeploymentPostprocessing = 0;
		};
/* End PBXResourcesBuildPhase section */

/* Begin PBXSourcesBuildPhase section */
		84D0C2D9204B9455001EC460 /* Sources */ = {
			isa = PBXSourcesBuildPhase;
			buildActionMask = 2147483647;
			files = (
				84D0C2E9204B9456001EC460 /* TinderProfileGrid.xcdatamodeld in Sources */,
				84D0C2E3204B9456001EC460 /* ViewController.swift in Sources */,
				84D0C2E1204B9456001EC460 /* AppDelegate.swift in Sources */,
			);
			runOnlyForDeploymentPostprocessing = 0;
		};
/* End PBXSourcesBuildPhase section */

/* Begin PBXVariantGroup section */
		84D0C2E4204B9456001EC460 /* Main.storyboard */ = {
			isa = PBXVariantGroup;
			children = (
				84D0C2E5204B9456001EC460 /* Base */,
			);
			name = Main.storyboard;
			sourceTree = "<group>";
		};
		84D0C2EC204B9456001EC460 /* LaunchScreen.storyboard */ = {
			isa = PBXVariantGroup;
			children = (
				84D0C2ED204B9456001EC460 /* Base */,
			);
			name = LaunchScreen.storyboard;
			sourceTree = "<group>";
		};
/* End PBXVariantGroup section */

/* Begin XCBuildConfiguration section */
		84D0C2F0204B9456001EC460 /* Debug */ = {
			isa = XCBuildConfiguration;
			buildSettings = {
				ALWAYS_SEARCH_USER_PATHS = NO;
				CLANG_ANALYZER_NONNULL = YES;
				CLANG_ANALYZER_NUMBER_OBJECT_CONVERSION = YES_AGGRESSIVE;
				CLANG_CXX_LANGUAGE_STANDARD = "gnu++14";
				CLANG_CXX_LIBRARY = "libc++";
				CLANG_ENABLE_MODULES = YES;
				CLANG_ENABLE_OBJC_ARC = YES;
				CLANG_WARN_BLOCK_CAPTURE_AUTORELEASING = YES;
				CLANG_WARN_BOOL_CONVERSION = YES;
				CLANG_WARN_COMMA = YES;
				CLANG_WARN_CONSTANT_CONVERSION = YES;
				CLANG_WARN_DIRECT_OBJC_ISA_USAGE = YES_ERROR;
				CLANG_WARN_DOCUMENTATION_COMMENTS = YES;
				CLANG_WARN_EMPTY_BODY = YES;
				CLANG_WARN_ENUM_CONVERSION = YES;
				CLANG_WARN_INFINITE_RECURSION = YES;
				CLANG_WARN_INT_CONVERSION = YES;
				CLANG_WARN_NON_LITERAL_NULL_CONVERSION = YES;
				CLANG_WARN_OBJC_LITERAL_CONVERSION = YES;
				CLANG_WARN_OBJC_ROOT_CLASS = YES_ERROR;
				CLANG_WARN_RANGE_LOOP_ANALYSIS = YES;
				CLANG_WARN_STRICT_PROTOTYPES = YES;
				CLANG_WARN_SUSPICIOUS_MOVE = YES;
				CLANG_WARN_UNGUARDED_AVAILABILITY = YES_AGGRESSIVE;
				CLANG_WARN_UNREACHABLE_CODE = YES;
				CLANG_WARN__DUPLICATE_METHOD_MATCH = YES;
				CODE_SIGN_IDENTITY = "iPhone Developer";
				COPY_PHASE_STRIP = NO;
				DEBUG_INFORMATION_FORMAT = dwarf;
				ENABLE_STRICT_OBJC_MSGSEND = YES;
				ENABLE_TESTABILITY = YES;
				GCC_C_LANGUAGE_STANDARD = gnu11;
				GCC_DYNAMIC_NO_PIC = NO;
				GCC_NO_COMMON_BLOCKS = YES;
				GCC_OPTIMIZATION_LEVEL = 0;
				GCC_PREPROCESSOR_DEFINITIONS = (
					"DEBUG=1",
					"$(inherited)",
				);
				GCC_WARN_64_TO_32_BIT_CONVERSION = YES;
				GCC_WARN_ABOUT_RETURN_TYPE = YES_ERROR;
				GCC_WARN_UNDECLARED_SELECTOR = YES;
				GCC_WARN_UNINITIALIZED_AUTOS = YES_AGGRESSIVE;
				GCC_WARN_UNUSED_FUNCTION = YES;
				GCC_WARN_UNUSED_VARIABLE = YES;
				IPHONEOS_DEPLOYMENT_TARGET = 11.2;
				MTL_ENABLE_DEBUG_INFO = YES;
				ONLY_ACTIVE_ARCH = YES;
				SDKROOT = iphoneos;
				SWIFT_ACTIVE_COMPILATION_CONDITIONS = DEBUG;
				SWIFT_OPTIMIZATION_LEVEL = "-Onone";
			};
			name = Debug;
		};
		84D0C2F1204B9456001EC460 /* Release */ = {
			isa = XCBuildConfiguration;
			buildSettings = {
				ALWAYS_SEARCH_USER_PATHS = NO;
				CLANG_ANALYZER_NONNULL = YES;
				CLANG_ANALYZER_NUMBER_OBJECT_CONVERSION = YES_AGGRESSIVE;
				CLANG_CXX_LANGUAGE_STANDARD = "gnu++14";
				CLANG_CXX_LIBRARY = "libc++";
				CLANG_ENABLE_MODULES = YES;
				CLANG_ENABLE_OBJC_ARC = YES;
				CLANG_WARN_BLOCK_CAPTURE_AUTORELEASING = YES;
				CLANG_WARN_BOOL_CONVERSION = YES;
				CLANG_WARN_COMMA = YES;
				CLANG_WARN_CONSTANT_CONVERSION = YES;
				CLANG_WARN_DIRECT_OBJC_ISA_USAGE = YES_ERROR;
				CLANG_WARN_DOCUMENTATION_COMMENTS = YES;
				CLANG_WARN_EMPTY_BODY = YES;
				CLANG_WARN_ENUM_CONVERSION = YES;
				CLANG_WARN_INFINITE_RECURSION = YES;
				CLANG_WARN_INT_CONVERSION = YES;
				CLANG_WARN_NON_LITERAL_NULL_CONVERSION = YES;
				CLANG_WARN_OBJC_LITERAL_CONVERSION = YES;
				CLANG_WARN_OBJC_ROOT_CLASS = YES_ERROR;
				CLANG_WARN_RANGE_LOOP_ANALYSIS = YES;
				CLANG_WARN_STRICT_PROTOTYPES = YES;
				CLANG_WARN_SUSPICIOUS_MOVE = YES;
				CLANG_WARN_UNGUARDED_AVAILABILITY = YES_AGGRESSIVE;
				CLANG_WARN_UNREACHABLE_CODE = YES;
				CLANG_WARN__DUPLICATE_METHOD_MATCH = YES;
				CODE_SIGN_IDENTITY = "iPhone Developer";
				COPY_PHASE_STRIP = NO;
				DEBUG_INFORMATION_FORMAT = "dwarf-with-dsym";
				ENABLE_NS_ASSERTIONS = NO;
				ENABLE_STRICT_OBJC_MSGSEND = YES;
				GCC_C_LANGUAGE_STANDARD = gnu11;
				GCC_NO_COMMON_BLOCKS = YES;
				GCC_WARN_64_TO_32_BIT_CONVERSION = YES;
				GCC_WARN_ABOUT_RETURN_TYPE = YES_ERROR;
				GCC_WARN_UNDECLARED_SELECTOR = YES;
				GCC_WARN_UNINITIALIZED_AUTOS = YES_AGGRESSIVE;
				GCC_WARN_UNUSED_FUNCTION = YES;
				GCC_WARN_UNUSED_VARIABLE = YES;
				IPHONEOS_DEPLOYMENT_TARGET = 11.2;
				MTL_ENABLE_DEBUG_INFO = NO;
				SDKROOT = iphoneos;
				SWIFT_OPTIMIZATION_LEVEL = "-Owholemodule";
				VALIDATE_PRODUCT = YES;
			};
			name = Release;
		};
		84D0C2F3204B9456001EC460 /* Debug */ = {
			isa = XCBuildConfiguration;
			buildSettings = {
				ASSETCATALOG_COMPILER_APPICON_NAME = AppIcon;
				CODE_SIGN_STYLE = Automatic;
				DEVELOPMENT_TEAM = PT7KFKB77Y;
				INFOPLIST_FILE = TinderProfileGrid/Info.plist;
				LD_RUNPATH_SEARCH_PATHS = "$(inherited) @executable_path/Frameworks";
				PRODUCT_BUNDLE_IDENTIFIER = com.wordpress.nguyenvannamdev.TinderProfileGrid;
				PRODUCT_NAME = "$(TARGET_NAME)";
				SWIFT_VERSION = 4.0;
				TARGETED_DEVICE_FAMILY = "1,2";
			};
			name = Debug;
		};
		84D0C2F4204B9456001EC460 /* Release */ = {
			isa = XCBuildConfiguration;
			buildSettings = {
				ASSETCATALOG_COMPILER_APPICON_NAME = AppIcon;
				CODE_SIGN_STYLE = Automatic;
				DEVELOPMENT_TEAM = PT7KFKB77Y;
				INFOPLIST_FILE = TinderProfileGrid/Info.plist;
				LD_RUNPATH_SEARCH_PATHS = "$(inherited) @executable_path/Frameworks";
				PRODUCT_BUNDLE_IDENTIFIER = com.wordpress.nguyenvannamdev.TinderProfileGrid;
				PRODUCT_NAME = "$(TARGET_NAME)";
				SWIFT_VERSION = 4.0;
				TARGETED_DEVICE_FAMILY = "1,2";
			};
			name = Release;
		};
/* End XCBuildConfiguration section */

/* Begin XCConfigurationList section */
		84D0C2D8204B9455001EC460 /* Build configuration list for PBXProject "TinderProfileGrid" */ = {
			isa = XCConfigurationList;
			buildConfigurations = (
				84D0C2F0204B9456001EC460 /* Debug */,
				84D0C2F1204B9456001EC460 /* Release */,
			);
			defaultConfigurationIsVisible = 0;
			defaultConfigurationName = Release;
		};
		84D0C2F2204B9456001EC460 /* Build configuration list for PBXNativeTarget "TinderProfileGrid" */ = {
			isa = XCConfigurationList;
			buildConfigurations = (
				84D0C2F3204B9456001EC460 /* Debug */,
				84D0C2F4204B9456001EC460 /* Release */,
			);
			defaultConfigurationIsVisible = 0;
			defaultConfigurationName = Release;
		};
/* End XCConfigurationList section */

/* Begin XCVersionGroup section */
		84D0C2E7204B9456001EC460 /* TinderProfileGrid.xcdatamodeld */ = {
			isa = XCVersionGroup;
			children = (
				84D0C2E8204B9456001EC460 /* TinderProfileGrid.xcdatamodel */,
			);
			currentVersion = 84D0C2E8204B9456001EC460 /* TinderProfileGrid.xcdatamodel */;
			path = TinderProfileGrid.xcdatamodeld;
			sourceTree = "<group>";
			versionGroupType = wrapper.xcdatamodel;
		};
/* End XCVersionGroup section */
	};
	rootObject = 84D0C2D5204B9455001EC460 /* Project object */;
}
