// !$*UTF8*$!
{
	archiveVersion = 1;
	classes = {
	};
	objectVersion = 46;
	objects = {

/* Begin PBXBuildFile section */
		84BD3EEA1F443CF000F9CED3 /* AppDelegate.swift in Sources */ = {isa = PBXBuildFile; fileRef = 84BD3EE91F443CF000F9CED3 /* AppDelegate.swift */; };
		84BD3EEC1F443CF000F9CED3 /* ViewController.swift in Sources */ = {isa = PBXBuildFile; fileRef = 84BD3EEB1F443CF000F9CED3 /* ViewController.swift */; };
		84BD3EEF1F443CF000F9CED3 /* Main.storyboard in Resources */ = {isa = PBXBuildFile; fileRef = 84BD3EED1F443CF000F9CED3 /* Main.storyboard */; };
		84BD3EF11F443CF000F9CED3 /* Assets.xcassets in Resources */ = {isa = PBXBuildFile; fileRef = 84BD3EF01F443CF000F9CED3 /* Assets.xcassets */; };
		84BD3EF41F443CF000F9CED3 /* LaunchScreen.storyboard in Resources */ = {isa = PBXBuildFile; fileRef = 84BD3EF21F443CF000F9CED3 /* LaunchScreen.storyboard */; };
		84BD3EFD1F443D0A00F9CED3 /* CoreLocation.framework in Frameworks */ = {isa = PBXBuildFile; fileRef = 84BD3EFC1F443D0A00F9CED3 /* CoreLocation.framework */; };
		84BD3EFF1F443D1200F9CED3 /* MapKit.framework in Frameworks */ = {isa = PBXBuildFile; fileRef = 84BD3EFE1F443D1200F9CED3 /* MapKit.framework */; };
/* End PBXBuildFile section */

/* Begin PBXFileReference section */
		84BD3EE61F443CF000F9CED3 /* DemoLoctation.app */ = {isa = PBXFileReference; explicitFileType = wrapper.application; includeInIndex = 0; path = DemoLoctation.app; sourceTree = BUILT_PRODUCTS_DIR; };
		84BD3EE91F443CF000F9CED3 /* AppDelegate.swift */ = {isa = PBXFileReference; lastKnownFileType = sourcecode.swift; path = AppDelegate.swift; sourceTree = "<group>"; };
		84BD3EEB1F443CF000F9CED3 /* ViewController.swift */ = {isa = PBXFileReference; lastKnownFileType = sourcecode.swift; path = ViewController.swift; sourceTree = "<group>"; };
		84BD3EEE1F443CF000F9CED3 /* Base */ = {isa = PBXFileReference; lastKnownFileType = file.storyboard; name = Base; path = Base.lproj/Main.storyboard; sourceTree = "<group>"; };
		84BD3EF01F443CF000F9CED3 /* Assets.xcassets */ = {isa = PBXFileReference; lastKnownFileType = folder.assetcatalog; path = Assets.xcassets; sourceTree = "<group>"; };
		84BD3EF31F443CF000F9CED3 /* Base */ = {isa = PBXFileReference; lastKnownFileType = file.storyboard; name = Base; path = Base.lproj/LaunchScreen.storyboard; sourceTree = "<group>"; };
		84BD3EF51F443CF000F9CED3 /* Info.plist */ = {isa = PBXFileReference; lastKnownFileType = text.plist.xml; path = Info.plist; sourceTree = "<group>"; };
		84BD3EFC1F443D0A00F9CED3 /* CoreLocation.framework */ = {isa = PBXFileReference; lastKnownFileType = wrapper.framework; name = CoreLocation.framework; path = System/Library/Frameworks/CoreLocation.framework; sourceTree = SDKROOT; };
		84BD3EFE1F443D1200F9CED3 /* MapKit.framework */ = {isa = PBXFileReference; lastKnownFileType = wrapper.framework; name = MapKit.framework; path = System/Library/Frameworks/MapKit.framework; sourceTree = SDKROOT; };
/* End PBXFileReference section */

/* Begin PBXFrameworksBuildPhase section */
		84BD3EE31F443CF000F9CED3 /* Frameworks */ = {
			isa = PBXFrameworksBuildPhase;
			buildActionMask = 2147483647;
			files = (
				84BD3EFF1F443D1200F9CED3 /* MapKit.framework in Frameworks */,
				84BD3EFD1F443D0A00F9CED3 /* CoreLocation.framework in Frameworks */,
			);
			runOnlyForDeploymentPostprocessing = 0;
		};
/* End PBXFrameworksBuildPhase section */

/* Begin PBXGroup section */
		84BD3EDD1F443CF000F9CED3 = {
			isa = PBXGroup;
			children = (
				84BD3EE81F443CF000F9CED3 /* DemoLoctation */,
				84BD3EE71F443CF000F9CED3 /* Products */,
				84BD3EFB1F443D0A00F9CED3 /* Frameworks */,
			);
			sourceTree = "<group>";
		};
		84BD3EE71F443CF000F9CED3 /* Products */ = {
			isa = PBXGroup;
			children = (
				84BD3EE61F443CF000F9CED3 /* DemoLoctation.app */,
			);
			name = Products;
			sourceTree = "<group>";
		};
		84BD3EE81F443CF000F9CED3 /* DemoLoctation */ = {
			isa = PBXGroup;
			children = (
				84BD3EE91F443CF000F9CED3 /* AppDelegate.swift */,
				84BD3EEB1F443CF000F9CED3 /* ViewController.swift */,
				84BD3EED1F443CF000F9CED3 /* Main.storyboard */,
				84BD3EF01F443CF000F9CED3 /* Assets.xcassets */,
				84BD3EF21F443CF000F9CED3 /* LaunchScreen.storyboard */,
				84BD3EF51F443CF000F9CED3 /* Info.plist */,
			);
			path = DemoLoctation;
			sourceTree = "<group>";
		};
		84BD3EFB1F443D0A00F9CED3 /* Frameworks */ = {
			isa = PBXGroup;
			children = (
				84BD3EFE1F443D1200F9CED3 /* MapKit.framework */,
				84BD3EFC1F443D0A00F9CED3 /* CoreLocation.framework */,
			);
			name = Frameworks;
			sourceTree = "<group>";
		};
/* End PBXGroup section */

/* Begin PBXNativeTarget section */
		84BD3EE51F443CF000F9CED3 /* DemoLoctation */ = {
			isa = PBXNativeTarget;
			buildConfigurationList = 84BD3EF81F443CF000F9CED3 /* Build configuration list for PBXNativeTarget "DemoLoctation" */;
			buildPhases = (
				84BD3EE21F443CF000F9CED3 /* Sources */,
				84BD3EE31F443CF000F9CED3 /* Frameworks */,
				84BD3EE41F443CF000F9CED3 /* Resources */,
			);
			buildRules = (
			);
			dependencies = (
			);
			name = DemoLoctation;
			productName = DemoLoctation;
			productReference = 84BD3EE61F443CF000F9CED3 /* DemoLoctation.app */;
			productType = "com.apple.product-type.application";
		};
/* End PBXNativeTarget section */

/* Begin PBXProject section */
		84BD3EDE1F443CF000F9CED3 /* Project object */ = {
			isa = PBXProject;
			attributes = {
				LastSwiftUpdateCheck = 0830;
				LastUpgradeCheck = 0830;
				ORGANIZATIONNAME = "Nguyen Nam";
				TargetAttributes = {
					84BD3EE51F443CF000F9CED3 = {
						CreatedOnToolsVersion = 8.3;
						ProvisioningStyle = Automatic;
						SystemCapabilities = {
							com.apple.BackgroundModes = {
								enabled = 1;
							};
						};
					};
				};
			};
			buildConfigurationList = 84BD3EE11F443CF000F9CED3 /* Build configuration list for PBXProject "DemoLoctation" */;
			compatibilityVersion = "Xcode 3.2";
			developmentRegion = English;
			hasScannedForEncodings = 0;
			knownRegions = (
				en,
				Base,
			);
			mainGroup = 84BD3EDD1F443CF000F9CED3;
			productRefGroup = 84BD3EE71F443CF000F9CED3 /* Products */;
			projectDirPath = "";
			projectRoot = "";
			targets = (
				84BD3EE51F443CF000F9CED3 /* DemoLoctation */,
			);
		};
/* End PBXProject section */

/* Begin PBXResourcesBuildPhase section */
		84BD3EE41F443CF000F9CED3 /* Resources */ = {
			isa = PBXResourcesBuildPhase;
			buildActionMask = 2147483647;
			files = (
				84BD3EF41F443CF000F9CED3 /* LaunchScreen.storyboard in Resources */,
				84BD3EF11F443CF000F9CED3 /* Assets.xcassets in Resources */,
				84BD3EEF1F443CF000F9CED3 /* Main.storyboard in Resources */,
			);
			runOnlyForDeploymentPostprocessing = 0;
		};
/* End PBXResourcesBuildPhase section */

/* Begin PBXSourcesBuildPhase section */
		84BD3EE21F443CF000F9CED3 /* Sources */ = {
			isa = PBXSourcesBuildPhase;
			buildActionMask = 2147483647;
			files = (
				84BD3EEC1F443CF000F9CED3 /* ViewController.swift in Sources */,
				84BD3EEA1F443CF000F9CED3 /* AppDelegate.swift in Sources */,
			);
			runOnlyForDeploymentPostprocessing = 0;
		};
/* End PBXSourcesBuildPhase section */

/* Begin PBXVariantGroup section */
		84BD3EED1F443CF000F9CED3 /* Main.storyboard */ = {
			isa = PBXVariantGroup;
			children = (
				84BD3EEE1F443CF000F9CED3 /* Base */,
			);
			name = Main.storyboard;
			sourceTree = "<group>";
		};
		84BD3EF21F443CF000F9CED3 /* LaunchScreen.storyboard */ = {
			isa = PBXVariantGroup;
			children = (
				84BD3EF31F443CF000F9CED3 /* Base */,
			);
			name = LaunchScreen.storyboard;
			sourceTree = "<group>";
		};
/* End PBXVariantGroup section */

/* Begin XCBuildConfiguration section */
		84BD3EF61F443CF000F9CED3 /* Debug */ = {
			isa = XCBuildConfiguration;
			buildSettings = {
				ALWAYS_SEARCH_USER_PATHS = NO;
				CLANG_ANALYZER_NONNULL = YES;
				CLANG_ANALYZER_NUMBER_OBJECT_CONVERSION = YES_AGGRESSIVE;
				CLANG_CXX_LANGUAGE_STANDARD = "gnu++0x";
				CLANG_CXX_LIBRARY = "libc++";
				CLANG_ENABLE_MODULES = YES;
				CLANG_ENABLE_OBJC_ARC = YES;
				CLANG_WARN_BOOL_CONVERSION = YES;
				CLANG_WARN_CONSTANT_CONVERSION = YES;
				CLANG_WARN_DIRECT_OBJC_ISA_USAGE = YES_ERROR;
				CLANG_WARN_DOCUMENTATION_COMMENTS = YES;
				CLANG_WARN_EMPTY_BODY = YES;
				CLANG_WARN_ENUM_CONVERSION = YES;
				CLANG_WARN_INFINITE_RECURSION = YES;
				CLANG_WARN_INT_CONVERSION = YES;
				CLANG_WARN_OBJC_ROOT_CLASS = YES_ERROR;
				CLANG_WARN_SUSPICIOUS_MOVE = YES;
				CLANG_WARN_UNREACHABLE_CODE = YES;
				CLANG_WARN__DUPLICATE_METHOD_MATCH = YES;
				"CODE_SIGN_IDENTITY[sdk=iphoneos*]" = "iPhone Developer";
				COPY_PHASE_STRIP = NO;
				DEBUG_INFORMATION_FORMAT = dwarf;
				ENABLE_STRICT_OBJC_MSGSEND = YES;
				ENABLE_TESTABILITY = YES;
				GCC_C_LANGUAGE_STANDARD = gnu99;
				GCC_DYNAMIC_NO_PIC = NO;
				GCC_NO_COMMON_BLOCKS = YES;
				GCC_OPTIMIZATION_LEVEL = 0;
				GCC_PREPROCESSOR_DEFINITIONS = (
					"DEBUG=1",
					"$(inherited)",
				);
				GCC_WARN_64_TO_32_BIT_CONVERSION = YES;
				GCC_WARN_ABOUT_RETURN_TYPE = YES_ERROR;
				GCC_WARN_UNDECLARED_SELECTOR = YES;
				GCC_WARN_UNINITIALIZED_AUTOS = YES_AGGRESSIVE;
				GCC_WARN_UNUSED_FUNCTION = YES;
				GCC_WARN_UNUSED_VARIABLE = YES;
				IPHONEOS_DEPLOYMENT_TARGET = 10.3;
				MTL_ENABLE_DEBUG_INFO = YES;
				ONLY_ACTIVE_ARCH = YES;
				SDKROOT = iphoneos;
				SWIFT_ACTIVE_COMPILATION_CONDITIONS = DEBUG;
				SWIFT_OPTIMIZATION_LEVEL = "-Onone";
				TARGETED_DEVICE_FAMILY = "1,2";
			};
			name = Debug;
		};
		84BD3EF71F443CF000F9CED3 /* Release */ = {
			isa = XCBuildConfiguration;
			buildSettings = {
				ALWAYS_SEARCH_USER_PATHS = NO;
				CLANG_ANALYZER_NONNULL = YES;
				CLANG_ANALYZER_NUMBER_OBJECT_CONVERSION = YES_AGGRESSIVE;
				CLANG_CXX_LANGUAGE_STANDARD = "gnu++0x";
				CLANG_CXX_LIBRARY = "libc++";
				CLANG_ENABLE_MODULES = YES;
				CLANG_ENABLE_OBJC_ARC = YES;
				CLANG_WARN_BOOL_CONVERSION = YES;
				CLANG_WARN_CONSTANT_CONVERSION = YES;
				CLANG_WARN_DIRECT_OBJC_ISA_USAGE = YES_ERROR;
				CLANG_WARN_DOCUMENTATION_COMMENTS = YES;
				CLANG_WARN_EMPTY_BODY = YES;
				CLANG_WARN_ENUM_CONVERSION = YES;
				CLANG_WARN_INFINITE_RECURSION = YES;
				CLANG_WARN_INT_CONVERSION = YES;
				CLANG_WARN_OBJC_ROOT_CLASS = YES_ERROR;
				CLANG_WARN_SUSPICIOUS_MOVE = YES;
				CLANG_WARN_UNREACHABLE_CODE = YES;
				CLANG_WARN__DUPLICATE_METHOD_MATCH = YES;
				"CODE_SIGN_IDENTITY[sdk=iphoneos*]" = "iPhone Developer";
				COPY_PHASE_STRIP = NO;
				DEBUG_INFORMATION_FORMAT = "dwarf-with-dsym";
				ENABLE_NS_ASSERTIONS = NO;
				ENABLE_STRICT_OBJC_MSGSEND = YES;
				GCC_C_LANGUAGE_STANDARD = gnu99;
				GCC_NO_COMMON_BLOCKS = YES;
				GCC_WARN_64_TO_32_BIT_CONVERSION = YES;
				GCC_WARN_ABOUT_RETURN_TYPE = YES_ERROR;
				GCC_WARN_UNDECLARED_SELECTOR = YES;
				GCC_WARN_UNINITIALIZED_AUTOS = YES_AGGRESSIVE;
				GCC_WARN_UNUSED_FUNCTION = YES;
				GCC_WARN_UNUSED_VARIABLE = YES;
				IPHONEOS_DEPLOYMENT_TARGET = 10.3;
				MTL_ENABLE_DEBUG_INFO = NO;
				SDKROOT = iphoneos;
				SWIFT_OPTIMIZATION_LEVEL = "-Owholemodule";
				TARGETED_DEVICE_FAMILY = "1,2";
				VALIDATE_PRODUCT = YES;
			};
			name = Release;
		};
		84BD3EF91F443CF000F9CED3 /* Debug */ = {
			isa = XCBuildConfiguration;
			buildSettings = {
				ASSETCATALOG_COMPILER_APPICON_NAME = AppIcon;
				INFOPLIST_FILE = DemoLoctation/Info.plist;
				LD_RUNPATH_SEARCH_PATHS = "$(inherited) @executable_path/Frameworks";
				PRODUCT_BUNDLE_IDENTIFIER = test.DemoLoctation;
				PRODUCT_NAME = "$(TARGET_NAME)";
				SWIFT_VERSION = 3.0;
			};
			name = Debug;
		};
		84BD3EFA1F443CF000F9CED3 /* Release */ = {
			isa = XCBuildConfiguration;
			buildSettings = {
				ASSETCATALOG_COMPILER_APPICON_NAME = AppIcon;
				INFOPLIST_FILE = DemoLoctation/Info.plist;
				LD_RUNPATH_SEARCH_PATHS = "$(inherited) @executable_path/Frameworks";
				PRODUCT_BUNDLE_IDENTIFIER = test.DemoLoctation;
				PRODUCT_NAME = "$(TARGET_NAME)";
				SWIFT_VERSION = 3.0;
			};
			name = Release;
		};
/* End XCBuildConfiguration section */

/* Begin XCConfigurationList section */
		84BD3EE11F443CF000F9CED3 /* Build configuration list for PBXProject "DemoLoctation" */ = {
			isa = XCConfigurationList;
			buildConfigurations = (
				84BD3EF61F443CF000F9CED3 /* Debug */,
				84BD3EF71F443CF000F9CED3 /* Release */,
			);
			defaultConfigurationIsVisible = 0;
			defaultConfigurationName = Release;
		};
		84BD3EF81F443CF000F9CED3 /* Build configuration list for PBXNativeTarget "DemoLoctation" */ = {
			isa = XCConfigurationList;
			buildConfigurations = (
				84BD3EF91F443CF000F9CED3 /* Debug */,
				84BD3EFA1F443CF000F9CED3 /* Release */,
			);
			defaultConfigurationIsVisible = 0;
		};
/* End XCConfigurationList section */
	};
	rootObject = 84BD3EDE1F443CF000F9CED3 /* Project object */;
}
