// !$*UTF8*$!
{
	archiveVersion = 1;
	classes = {
	};
	objectVersion = 46;
	objects = {

/* Begin PBXBuildFile section */
		846EB0431F4ACE8D00AAB5F4 /* CustomTabbarViewController.swift in Sources */ = {isa = PBXBuildFile; fileRef = 846EB0421F4ACE8D00AAB5F4 /* CustomTabbarViewController.swift */; };
		84754E5C1F4F2CEF0015ECD3 /* OtherViewController.swift in Sources */ = {isa = PBXBuildFile; fileRef = 84754E5B1F4F2CEF0015ECD3 /* OtherViewController.swift */; };
		84ADDAC91F4A7594008EE3A5 /* Post.swift in Sources */ = {isa = PBXBuildFile; fileRef = 84ADDAC81F4A7594008EE3A5 /* Post.swift */; };
		84ADDACD1F4A772B008EE3A5 /* FeedCell.swift in Sources */ = {isa = PBXBuildFile; fileRef = 84ADDACC1F4A772B008EE3A5 /* FeedCell.swift */; };
		84ADDACF1F4A7B12008EE3A5 /* Extentions.swift in Sources */ = {isa = PBXBuildFile; fileRef = 84ADDACE1F4A7B12008EE3A5 /* Extentions.swift */; };
		84EC96561F42DBAE007DEB8E /* AppDelegate.swift in Sources */ = {isa = PBXBuildFile; fileRef = 84EC96551F42DBAE007DEB8E /* AppDelegate.swift */; };
		84EC96581F42DBAE007DEB8E /* FeedCollectionViewController.swift in Sources */ = {isa = PBXBuildFile; fileRef = 84EC96571F42DBAE007DEB8E /* FeedCollectionViewController.swift */; };
		84EC965D1F42DBAE007DEB8E /* Assets.xcassets in Resources */ = {isa = PBXBuildFile; fileRef = 84EC965C1F42DBAE007DEB8E /* Assets.xcassets */; };
		84EC96601F42DBAE007DEB8E /* LaunchScreen.storyboard in Resources */ = {isa = PBXBuildFile; fileRef = 84EC965E1F42DBAE007DEB8E /* LaunchScreen.storyboard */; };
		84FBB4091F52BE7700F2C4F7 /* single_post.json in Resources */ = {isa = PBXBuildFile; fileRef = 84FBB4081F52BE7700F2C4F7 /* single_post.json */; };
/* End PBXBuildFile section */

/* Begin PBXFileReference section */
		846EB0421F4ACE8D00AAB5F4 /* CustomTabbarViewController.swift */ = {isa = PBXFileReference; fileEncoding = 4; lastKnownFileType = sourcecode.swift; path = CustomTabbarViewController.swift; sourceTree = "<group>"; };
		84754E5B1F4F2CEF0015ECD3 /* OtherViewController.swift */ = {isa = PBXFileReference; fileEncoding = 4; lastKnownFileType = sourcecode.swift; path = OtherViewController.swift; sourceTree = "<group>"; };
		84ADDAC81F4A7594008EE3A5 /* Post.swift */ = {isa = PBXFileReference; fileEncoding = 4; lastKnownFileType = sourcecode.swift; path = Post.swift; sourceTree = "<group>"; };
		84ADDACC1F4A772B008EE3A5 /* FeedCell.swift */ = {isa = PBXFileReference; fileEncoding = 4; lastKnownFileType = sourcecode.swift; path = FeedCell.swift; sourceTree = "<group>"; };
		84ADDACE1F4A7B12008EE3A5 /* Extentions.swift */ = {isa = PBXFileReference; fileEncoding = 4; lastKnownFileType = sourcecode.swift; path = Extentions.swift; sourceTree = "<group>"; };
		84EC96521F42DBAE007DEB8E /* NewFeedFacebook.app */ = {isa = PBXFileReference; explicitFileType = wrapper.application; includeInIndex = 0; path = NewFeedFacebook.app; sourceTree = BUILT_PRODUCTS_DIR; };
		84EC96551F42DBAE007DEB8E /* AppDelegate.swift */ = {isa = PBXFileReference; lastKnownFileType = sourcecode.swift; path = AppDelegate.swift; sourceTree = "<group>"; };
		84EC96571F42DBAE007DEB8E /* FeedCollectionViewController.swift */ = {isa = PBXFileReference; lastKnownFileType = sourcecode.swift; path = FeedCollectionViewController.swift; sourceTree = "<group>"; };
		84EC965C1F42DBAE007DEB8E /* Assets.xcassets */ = {isa = PBXFileReference; lastKnownFileType = folder.assetcatalog; path = Assets.xcassets; sourceTree = "<group>"; };
		84EC965F1F42DBAE007DEB8E /* Base */ = {isa = PBXFileReference; lastKnownFileType = file.storyboard; name = Base; path = Base.lproj/LaunchScreen.storyboard; sourceTree = "<group>"; };
		84EC96611F42DBAE007DEB8E /* Info.plist */ = {isa = PBXFileReference; lastKnownFileType = text.plist.xml; path = Info.plist; sourceTree = "<group>"; };
		84FBB4081F52BE7700F2C4F7 /* single_post.json */ = {isa = PBXFileReference; fileEncoding = 4; lastKnownFileType = text.json; path = single_post.json; sourceTree = "<group>"; };
/* End PBXFileReference section */

/* Begin PBXFrameworksBuildPhase section */
		84EC964F1F42DBAE007DEB8E /* Frameworks */ = {
			isa = PBXFrameworksBuildPhase;
			buildActionMask = 2147483647;
			files = (
			);
			runOnlyForDeploymentPostprocessing = 0;
		};
/* End PBXFrameworksBuildPhase section */

/* Begin PBXGroup section */
		84EC96491F42DBAD007DEB8E = {
			isa = PBXGroup;
			children = (
				84EC96541F42DBAE007DEB8E /* NewFeedFacebook */,
				84EC96531F42DBAE007DEB8E /* Products */,
			);
			sourceTree = "<group>";
		};
		84EC96531F42DBAE007DEB8E /* Products */ = {
			isa = PBXGroup;
			children = (
				84EC96521F42DBAE007DEB8E /* NewFeedFacebook.app */,
			);
			name = Products;
			sourceTree = "<group>";
		};
		84EC96541F42DBAE007DEB8E /* NewFeedFacebook */ = {
			isa = PBXGroup;
			children = (
				84EC96551F42DBAE007DEB8E /* AppDelegate.swift */,
				84EC96571F42DBAE007DEB8E /* FeedCollectionViewController.swift */,
				84EC965C1F42DBAE007DEB8E /* Assets.xcassets */,
				84EC965E1F42DBAE007DEB8E /* LaunchScreen.storyboard */,
				84EC96611F42DBAE007DEB8E /* Info.plist */,
				84ADDAC81F4A7594008EE3A5 /* Post.swift */,
				84ADDACC1F4A772B008EE3A5 /* FeedCell.swift */,
				84ADDACE1F4A7B12008EE3A5 /* Extentions.swift */,
				846EB0421F4ACE8D00AAB5F4 /* CustomTabbarViewController.swift */,
				84754E5B1F4F2CEF0015ECD3 /* OtherViewController.swift */,
				84FBB4081F52BE7700F2C4F7 /* single_post.json */,
			);
			path = NewFeedFacebook;
			sourceTree = "<group>";
		};
/* End PBXGroup section */

/* Begin PBXNativeTarget section */
		84EC96511F42DBAE007DEB8E /* NewFeedFacebook */ = {
			isa = PBXNativeTarget;
			buildConfigurationList = 84EC96641F42DBAE007DEB8E /* Build configuration list for PBXNativeTarget "NewFeedFacebook" */;
			buildPhases = (
				84EC964E1F42DBAE007DEB8E /* Sources */,
				84EC964F1F42DBAE007DEB8E /* Frameworks */,
				84EC96501F42DBAE007DEB8E /* Resources */,
			);
			buildRules = (
			);
			dependencies = (
			);
			name = NewFeedFacebook;
			productName = NewFeedFacebook;
			productReference = 84EC96521F42DBAE007DEB8E /* NewFeedFacebook.app */;
			productType = "com.apple.product-type.application";
		};
/* End PBXNativeTarget section */

/* Begin PBXProject section */
		84EC964A1F42DBAD007DEB8E /* Project object */ = {
			isa = PBXProject;
			attributes = {
				LastSwiftUpdateCheck = 0830;
				LastUpgradeCheck = 0830;
				ORGANIZATIONNAME = "Nguyen Nam";
				TargetAttributes = {
					84EC96511F42DBAE007DEB8E = {
						CreatedOnToolsVersion = 8.3;
						ProvisioningStyle = Automatic;
					};
				};
			};
			buildConfigurationList = 84EC964D1F42DBAD007DEB8E /* Build configuration list for PBXProject "NewFeedFacebook" */;
			compatibilityVersion = "Xcode 3.2";
			developmentRegion = English;
			hasScannedForEncodings = 0;
			knownRegions = (
				en,
				Base,
			);
			mainGroup = 84EC96491F42DBAD007DEB8E;
			productRefGroup = 84EC96531F42DBAE007DEB8E /* Products */;
			projectDirPath = "";
			projectRoot = "";
			targets = (
				84EC96511F42DBAE007DEB8E /* NewFeedFacebook */,
			);
		};
/* End PBXProject section */

/* Begin PBXResourcesBuildPhase section */
		84EC96501F42DBAE007DEB8E /* Resources */ = {
			isa = PBXResourcesBuildPhase;
			buildActionMask = 2147483647;
			files = (
				84FBB4091F52BE7700F2C4F7 /* single_post.json in Resources */,
				84EC96601F42DBAE007DEB8E /* LaunchScreen.storyboard in Resources */,
				84EC965D1F42DBAE007DEB8E /* Assets.xcassets in Resources */,
			);
			runOnlyForDeploymentPostprocessing = 0;
		};
/* End PBXResourcesBuildPhase section */

/* Begin PBXSourcesBuildPhase section */
		84EC964E1F42DBAE007DEB8E /* Sources */ = {
			isa = PBXSourcesBuildPhase;
			buildActionMask = 2147483647;
			files = (
				846EB0431F4ACE8D00AAB5F4 /* CustomTabbarViewController.swift in Sources */,
				84ADDAC91F4A7594008EE3A5 /* Post.swift in Sources */,
				84754E5C1F4F2CEF0015ECD3 /* OtherViewController.swift in Sources */,
				84EC96581F42DBAE007DEB8E /* FeedCollectionViewController.swift in Sources */,
				84ADDACF1F4A7B12008EE3A5 /* Extentions.swift in Sources */,
				84ADDACD1F4A772B008EE3A5 /* FeedCell.swift in Sources */,
				84EC96561F42DBAE007DEB8E /* AppDelegate.swift in Sources */,
			);
			runOnlyForDeploymentPostprocessing = 0;
		};
/* End PBXSourcesBuildPhase section */

/* Begin PBXVariantGroup section */
		84EC965E1F42DBAE007DEB8E /* LaunchScreen.storyboard */ = {
			isa = PBXVariantGroup;
			children = (
				84EC965F1F42DBAE007DEB8E /* Base */,
			);
			name = LaunchScreen.storyboard;
			sourceTree = "<group>";
		};
/* End PBXVariantGroup section */

/* Begin XCBuildConfiguration section */
		84EC96621F42DBAE007DEB8E /* Debug */ = {
			isa = XCBuildConfiguration;
			buildSettings = {
				ALWAYS_SEARCH_USER_PATHS = NO;
				CLANG_ANALYZER_NONNULL = YES;
				CLANG_ANALYZER_NUMBER_OBJECT_CONVERSION = YES_AGGRESSIVE;
				CLANG_CXX_LANGUAGE_STANDARD = "gnu++0x";
				CLANG_CXX_LIBRARY = "libc++";
				CLANG_ENABLE_MODULES = YES;
				CLANG_ENABLE_OBJC_ARC = YES;
				CLANG_WARN_BOOL_CONVERSION = YES;
				CLANG_WARN_CONSTANT_CONVERSION = YES;
				CLANG_WARN_DIRECT_OBJC_ISA_USAGE = YES_ERROR;
				CLANG_WARN_DOCUMENTATION_COMMENTS = YES;
				CLANG_WARN_EMPTY_BODY = YES;
				CLANG_WARN_ENUM_CONVERSION = YES;
				CLANG_WARN_INFINITE_RECURSION = YES;
				CLANG_WARN_INT_CONVERSION = YES;
				CLANG_WARN_OBJC_ROOT_CLASS = YES_ERROR;
				CLANG_WARN_SUSPICIOUS_MOVE = YES;
				CLANG_WARN_UNREACHABLE_CODE = YES;
				CLANG_WARN__DUPLICATE_METHOD_MATCH = YES;
				"CODE_SIGN_IDENTITY[sdk=iphoneos*]" = "iPhone Developer";
				COPY_PHASE_STRIP = NO;
				DEBUG_INFORMATION_FORMAT = dwarf;
				ENABLE_STRICT_OBJC_MSGSEND = YES;
				ENABLE_TESTABILITY = YES;
				GCC_C_LANGUAGE_STANDARD = gnu99;
				GCC_DYNAMIC_NO_PIC = NO;
				GCC_NO_COMMON_BLOCKS = YES;
				GCC_OPTIMIZATION_LEVEL = 0;
				GCC_PREPROCESSOR_DEFINITIONS = (
					"DEBUG=1",
					"$(inherited)",
				);
				GCC_WARN_64_TO_32_BIT_CONVERSION = YES;
				GCC_WARN_ABOUT_RETURN_TYPE = YES_ERROR;
				GCC_WARN_UNDECLARED_SELECTOR = YES;
				GCC_WARN_UNINITIALIZED_AUTOS = YES_AGGRESSIVE;
				GCC_WARN_UNUSED_FUNCTION = YES;
				GCC_WARN_UNUSED_VARIABLE = YES;
				IPHONEOS_DEPLOYMENT_TARGET = 10.3;
				MTL_ENABLE_DEBUG_INFO = YES;
				ONLY_ACTIVE_ARCH = YES;
				SDKROOT = iphoneos;
				SWIFT_ACTIVE_COMPILATION_CONDITIONS = DEBUG;
				SWIFT_OPTIMIZATION_LEVEL = "-Onone";
				TARGETED_DEVICE_FAMILY = "1,2";
			};
			name = Debug;
		};
		84EC96631F42DBAE007DEB8E /* Release */ = {
			isa = XCBuildConfiguration;
			buildSettings = {
				ALWAYS_SEARCH_USER_PATHS = NO;
				CLANG_ANALYZER_NONNULL = YES;
				CLANG_ANALYZER_NUMBER_OBJECT_CONVERSION = YES_AGGRESSIVE;
				CLANG_CXX_LANGUAGE_STANDARD = "gnu++0x";
				CLANG_CXX_LIBRARY = "libc++";
				CLANG_ENABLE_MODULES = YES;
				CLANG_ENABLE_OBJC_ARC = YES;
				CLANG_WARN_BOOL_CONVERSION = YES;
				CLANG_WARN_CONSTANT_CONVERSION = YES;
				CLANG_WARN_DIRECT_OBJC_ISA_USAGE = YES_ERROR;
				CLANG_WARN_DOCUMENTATION_COMMENTS = YES;
				CLANG_WARN_EMPTY_BODY = YES;
				CLANG_WARN_ENUM_CONVERSION = YES;
				CLANG_WARN_INFINITE_RECURSION = YES;
				CLANG_WARN_INT_CONVERSION = YES;
				CLANG_WARN_OBJC_ROOT_CLASS = YES_ERROR;
				CLANG_WARN_SUSPICIOUS_MOVE = YES;
				CLANG_WARN_UNREACHABLE_CODE = YES;
				CLANG_WARN__DUPLICATE_METHOD_MATCH = YES;
				"CODE_SIGN_IDENTITY[sdk=iphoneos*]" = "iPhone Developer";
				COPY_PHASE_STRIP = NO;
				DEBUG_INFORMATION_FORMAT = "dwarf-with-dsym";
				ENABLE_NS_ASSERTIONS = NO;
				ENABLE_STRICT_OBJC_MSGSEND = YES;
				GCC_C_LANGUAGE_STANDARD = gnu99;
				GCC_NO_COMMON_BLOCKS = YES;
				GCC_WARN_64_TO_32_BIT_CONVERSION = YES;
				GCC_WARN_ABOUT_RETURN_TYPE = YES_ERROR;
				GCC_WARN_UNDECLARED_SELECTOR = YES;
				GCC_WARN_UNINITIALIZED_AUTOS = YES_AGGRESSIVE;
				GCC_WARN_UNUSED_FUNCTION = YES;
				GCC_WARN_UNUSED_VARIABLE = YES;
				IPHONEOS_DEPLOYMENT_TARGET = 10.3;
				MTL_ENABLE_DEBUG_INFO = NO;
				SDKROOT = iphoneos;
				SWIFT_OPTIMIZATION_LEVEL = "-Owholemodule";
				TARGETED_DEVICE_FAMILY = "1,2";
				VALIDATE_PRODUCT = YES;
			};
			name = Release;
		};
		84EC96651F42DBAE007DEB8E /* Debug */ = {
			isa = XCBuildConfiguration;
			buildSettings = {
				ASSETCATALOG_COMPILER_APPICON_NAME = AppIcon;
				INFOPLIST_FILE = NewFeedFacebook/Info.plist;
				LD_RUNPATH_SEARCH_PATHS = "$(inherited) @executable_path/Frameworks";
				PRODUCT_BUNDLE_IDENTIFIER = test.NewFeedFacebook;
				PRODUCT_NAME = "$(TARGET_NAME)";
				SWIFT_VERSION = 3.0;
			};
			name = Debug;
		};
		84EC96661F42DBAE007DEB8E /* Release */ = {
			isa = XCBuildConfiguration;
			buildSettings = {
				ASSETCATALOG_COMPILER_APPICON_NAME = AppIcon;
				INFOPLIST_FILE = NewFeedFacebook/Info.plist;
				LD_RUNPATH_SEARCH_PATHS = "$(inherited) @executable_path/Frameworks";
				PRODUCT_BUNDLE_IDENTIFIER = test.NewFeedFacebook;
				PRODUCT_NAME = "$(TARGET_NAME)";
				SWIFT_VERSION = 3.0;
			};
			name = Release;
		};
/* End XCBuildConfiguration section */

/* Begin XCConfigurationList section */
		84EC964D1F42DBAD007DEB8E /* Build configuration list for PBXProject "NewFeedFacebook" */ = {
			isa = XCConfigurationList;
			buildConfigurations = (
				84EC96621F42DBAE007DEB8E /* Debug */,
				84EC96631F42DBAE007DEB8E /* Release */,
			);
			defaultConfigurationIsVisible = 0;
			defaultConfigurationName = Release;
		};
		84EC96641F42DBAE007DEB8E /* Build configuration list for PBXNativeTarget "NewFeedFacebook" */ = {
			isa = XCConfigurationList;
			buildConfigurations = (
				84EC96651F42DBAE007DEB8E /* Debug */,
				84EC96661F42DBAE007DEB8E /* Release */,
			);
			defaultConfigurationIsVisible = 0;
			defaultConfigurationName = Release;
		};
/* End XCConfigurationList section */
	};
	rootObject = 84EC964A1F42DBAD007DEB8E /* Project object */;
}
